Microsoft Visual Studio Solution File, Format Version 10.00
# Visual C++ Express 2008
Project("{8BC9CEB8-8B4A-11D0-8D11-00A0C91BC942}") = "appares_static", "appares_static.vcproj", "{A95AE135-63D5-1952-40D0-ECC73599E5A9}"
	ProjectSection(ProjectDependencies) = postProject
		{3BC2428D-D476-C24F-9D36-091FAE040A84} = {3BC2428D-D476-C24F-9D36-091FAE040A84}
		{D7E239E7-0180-8EF5-01E6-BA62F0FF2E6B} = {D7E239E7-0180-8EF5-01E6-BA62F0FF2E6B}
		{7BBB027F-0D23-35E4-A8D1-AA584FCD988D} = {7BBB027F-0D23-35E4-A8D1-AA584FCD988D}
		{881C9242-68DE-7612-630E-827A40AB6F14} = {881C9242-68DE-7612-630E-827A40AB6F14}
		{E6FD877A-4FBD-D10A-923F-F58E30164B73} = {E6FD877A-4FBD-D10A-923F-F58E30164B73}
		{5DF57EC1-A9D3-1520-2456-401ECB37B2E2} = {5DF57EC1-A9D3-1520-2456-401ECB37B2E2}
		{79707E9E-649F-6C19-5E9A-2DF0797AD383} = {79707E9E-649F-6C19-5E9A-2DF0797AD383}
	EndProjectSection
EndProject
Project("{8BC9CEB8-8B4A-11D0-8D11-00A0C91BC942}") = "apparesed_static", "apparesed_static.vcproj", "{FDCF82F0-6804-18CD-4DE9-60D422BA8C50}"
	ProjectSection(ProjectDependencies) = postProject
		{7BBB027F-0D23-35E4-A8D1-AA584FCD988D} = {7BBB027F-0D23-35E4-A8D1-AA584FCD988D}
		{A0D8A7A0-73E3-63DD-07C6-AC0431D5F7E5} = {A0D8A7A0-73E3-63DD-07C6-AC0431D5F7E5}
		{CB70AB71-D6F8-A006-C815-B2F8919C3B2E} = {CB70AB71-D6F8-A006-C815-B2F8919C3B2E}
		{881C9242-68DE-7612-630E-827A40AB6F14} = {881C9242-68DE-7612-630E-827A40AB6F14}
		{E6FD877A-4FBD-D10A-923F-F58E30164B73} = {E6FD877A-4FBD-D10A-923F-F58E30164B73}
		{5DF57EC1-A9D3-1520-2456-401ECB37B2E2} = {5DF57EC1-A9D3-1520-2456-401ECB37B2E2}
		{79707E9E-649F-6C19-5E9A-2DF0797AD383} = {79707E9E-649F-6C19-5E9A-2DF0797AD383}
		{BC0D3283-1519-F7CE-004F-B767FEE4A54C} = {BC0D3283-1519-F7CE-004F-B767FEE4A54C}
	EndProjectSection
EndProject
Project("{8BC9CEB8-8B4A-11D0-8D11-00A0C91BC942}") = "grpall_static", "grpall_static.vcproj", "{025A8D97-BA9D-441A-6C95-1AB1DDA432F3}"
	ProjectSection(ProjectDependencies) = postProject
		{A95AE135-63D5-1952-40D0-ECC73599E5A9} = {A95AE135-63D5-1952-40D0-ECC73599E5A9}
		{FDCF82F0-6804-18CD-4DE9-60D422BA8C50} = {FDCF82F0-6804-18CD-4DE9-60D422BA8C50}
		{7BBB027F-0D23-35E4-A8D1-AA584FCD988D} = {7BBB027F-0D23-35E4-A8D1-AA584FCD988D}
		{881C9242-68DE-7612-630E-827A40AB6F14} = {881C9242-68DE-7612-630E-827A40AB6F14}
		{BC0D3283-1519-F7CE-004F-B767FEE4A54C} = {BC0D3283-1519-F7CE-004F-B767FEE4A54C}
	EndProjectSection
EndProject
Project("{8BC9CEB8-8B4A-11D0-8D11-00A0C91BC942}") = "grpapps_static", "grpapps_static.vcproj", "{E52C45F7-9F93-B2E3-AEC6-7091557B118C}"
	ProjectSection(ProjectDependencies) = postProject
		{A95AE135-63D5-1952-40D0-ECC73599E5A9} = {A95AE135-63D5-1952-40D0-ECC73599E5A9}
		{FDCF82F0-6804-18CD-4DE9-60D422BA8C50} = {FDCF82F0-6804-18CD-4DE9-60D422BA8C50}
	EndProjectSection
EndProject
Project("{8BC9CEB8-8B4A-11D0-8D11-00A0C91BC942}") = "grplibs_static", "grplibs_static.vcproj", "{69CC6DCF-6F53-3C1A-B2DD-FFBB09C068AE}"
	ProjectSection(ProjectDependencies) = postProject
		{7BBB027F-0D23-35E4-A8D1-AA584FCD988D} = {7BBB027F-0D23-35E4-A8D1-AA584FCD988D}
		{881C9242-68DE-7612-630E-827A40AB6F14} = {881C9242-68DE-7612-630E-827A40AB6F14}
		{BC0D3283-1519-F7CE-004F-B767FEE4A54C} = {BC0D3283-1519-F7CE-004F-B767FEE4A54C}
	EndProjectSection
EndProject
Project("{8BC9CEB8-8B4A-11D0-8D11-00A0C91BC942}") = "grpplugins_static", "grpplugins_static.vcproj", "{0E350FAB-AC29-2982-8FB4-C97CA88F1415}"
EndProject
Project("{8BC9CEB8-8B4A-11D0-8D11-00A0C91BC942}") = "libares_static_plugins", "libares_static_plugins.vcproj", "{3BC2428D-D476-C24F-9D36-091FAE040A84}"
	ProjectSection(ProjectDependencies) = postProject
		{7BBB027F-0D23-35E4-A8D1-AA584FCD988D} = {7BBB027F-0D23-35E4-A8D1-AA584FCD988D}
	EndProjectSection
EndProject
Project("{8BC9CEB8-8B4A-11D0-8D11-00A0C91BC942}") = "libares_static_plugins_CRYSTAL", "libares_static_plugins_CRYSTAL.vcproj", "{D7E239E7-0180-8EF5-01E6-BA62F0FF2E6B}"
EndProject
Project("{8BC9CEB8-8B4A-11D0-8D11-00A0C91BC942}") = "libares_staticplugins", "libares_staticplugins.vcproj", "{7BBB027F-0D23-35E4-A8D1-AA584FCD988D}"
EndProject
Project("{8BC9CEB8-8B4A-11D0-8D11-00A0C91BC942}") = "libaresed_static_plugins", "libaresed_static_plugins.vcproj", "{A0D8A7A0-73E3-63DD-07C6-AC0431D5F7E5}"
	ProjectSection(ProjectDependencies) = postProject
		{7BBB027F-0D23-35E4-A8D1-AA584FCD988D} = {7BBB027F-0D23-35E4-A8D1-AA584FCD988D}
		{BC0D3283-1519-F7CE-004F-B767FEE4A54C} = {BC0D3283-1519-F7CE-004F-B767FEE4A54C}
	EndProjectSection
EndProject
Project("{8BC9CEB8-8B4A-11D0-8D11-00A0C91BC942}") = "libaresed_static_plugins_CRYSTAL", "libaresed_static_plugins_CRYSTAL.vcproj", "{CB70AB71-D6F8-A006-C815-B2F8919C3B2E}"
EndProject
Project("{8BC9CEB8-8B4A-11D0-8D11-00A0C91BC942}") = "libcommon_static", "libcommon_static.vcproj", "{881C9242-68DE-7612-630E-827A40AB6F14}"
	ProjectSection(ProjectDependencies) = postProject
		{7BBB027F-0D23-35E4-A8D1-AA584FCD988D} = {7BBB027F-0D23-35E4-A8D1-AA584FCD988D}
		{E6FD877A-4FBD-D10A-923F-F58E30164B73} = {E6FD877A-4FBD-D10A-923F-F58E30164B73}
		{5DF57EC1-A9D3-1520-2456-401ECB37B2E2} = {5DF57EC1-A9D3-1520-2456-401ECB37B2E2}
		{79707E9E-649F-6C19-5E9A-2DF0797AD383} = {79707E9E-649F-6C19-5E9A-2DF0797AD383}
	EndProjectSection
EndProject
Project("{8BC9CEB8-8B4A-11D0-8D11-00A0C91BC942}") = "libcommon_static_plugins", "libcommon_static_plugins.vcproj", "{E6FD877A-4FBD-D10A-923F-F58E30164B73}"
	ProjectSection(ProjectDependencies) = postProject
		{7BBB027F-0D23-35E4-A8D1-AA584FCD988D} = {7BBB027F-0D23-35E4-A8D1-AA584FCD988D}
	EndProjectSection
EndProject
Project("{8BC9CEB8-8B4A-11D0-8D11-00A0C91BC942}") = "libcommon_static_plugins_CEL", "libcommon_static_plugins_CEL.vcproj", "{5DF57EC1-A9D3-1520-2456-401ECB37B2E2}"
EndProject
Project("{8BC9CEB8-8B4A-11D0-8D11-00A0C91BC942}") = "libcommon_static_plugins_CRYSTAL", "libcommon_static_plugins_CRYSTAL.vcproj", "{79707E9E-649F-6C19-5E9A-2DF0797AD383}"
EndProject
Project("{8BC9CEB8-8B4A-11D0-8D11-00A0C91BC942}") = "libedcommon", "libedcommon.vcproj", "{BC0D3283-1519-F7CE-004F-B767FEE4A54C}"
EndProject
Global
	GlobalSection(SolutionConfigurationPlatforms) = preSolution
		DebugWithDlls|Win32 = DebugWithDlls|Win32
		DebugWithDlls|x64 = DebugWithDlls|x64
		DebugWithStaticLibs|Win32 = DebugWithStaticLibs|Win32
		DebugWithStaticLibs|x64 = DebugWithStaticLibs|x64
		ReleaseWithDlls|Win32 = ReleaseWithDlls|Win32
		ReleaseWithDlls|x64 = ReleaseWithDlls|x64
		ReleaseWithStaticLibs|Win32 = ReleaseWithStaticLibs|Win32
		ReleaseWithStaticLibs|x64 = ReleaseWithStaticLibs|x64
	EndGlobalSection
	GlobalSection(ProjectConfigurationPlatforms) = postSolution
		{A95AE135-63D5-1952-40D0-ECC73599E5A9}.DebugWithDlls|Win32.ActiveCfg = DebugWithDlls|Win32
		{A95AE135-63D5-1952-40D0-ECC73599E5A9}.DebugWithDlls|Win32.Build.0 = DebugWithDlls|Win32
		{A95AE135-63D5-1952-40D0-ECC73599E5A9}.DebugWithDlls|x64.ActiveCfg = DebugWithDlls|x64
		{A95AE135-63D5-1952-40D0-ECC73599E5A9}.DebugWithDlls|x64.Build.0 = DebugWithDlls|x64
		{A95AE135-63D5-1952-40D0-ECC73599E5A9}.DebugWithStaticLibs|Win32.ActiveCfg = DebugWithStaticLibs|Win32
		{A95AE135-63D5-1952-40D0-ECC73599E5A9}.DebugWithStaticLibs|Win32.Build.0 = DebugWithStaticLibs|Win32
		{A95AE135-63D5-1952-40D0-ECC73599E5A9}.DebugWithStaticLibs|x64.ActiveCfg = DebugWithStaticLibs|x64
		{A95AE135-63D5-1952-40D0-ECC73599E5A9}.DebugWithStaticLibs|x64.Build.0 = DebugWithStaticLibs|x64
		{A95AE135-63D5-1952-40D0-ECC73599E5A9}.ReleaseWithDlls|Win32.ActiveCfg = ReleaseWithDlls|Win32
		{A95AE135-63D5-1952-40D0-ECC73599E5A9}.ReleaseWithDlls|Win32.Build.0 = ReleaseWithDlls|Win32
		{A95AE135-63D5-1952-40D0-ECC73599E5A9}.ReleaseWithDlls|x64.ActiveCfg = ReleaseWithDlls|x64
		{A95AE135-63D5-1952-40D0-ECC73599E5A9}.ReleaseWithDlls|x64.Build.0 = ReleaseWithDlls|x64
		{A95AE135-63D5-1952-40D0-ECC73599E5A9}.ReleaseWithStaticLibs|Win32.ActiveCfg = ReleaseWithStaticLibs|Win32
		{A95AE135-63D5-1952-40D0-ECC73599E5A9}.ReleaseWithStaticLibs|Win32.Build.0 = ReleaseWithStaticLibs|Win32
		{A95AE135-63D5-1952-40D0-ECC73599E5A9}.ReleaseWithStaticLibs|x64.ActiveCfg = ReleaseWithStaticLibs|x64
		{A95AE135-63D5-1952-40D0-ECC73599E5A9}.ReleaseWithStaticLibs|x64.Build.0 = ReleaseWithStaticLibs|x64
		{FDCF82F0-6804-18CD-4DE9-60D422BA8C50}.DebugWithDlls|Win32.ActiveCfg = DebugWithDlls|Win32
		{FDCF82F0-6804-18CD-4DE9-60D422BA8C50}.DebugWithDlls|Win32.Build.0 = DebugWithDlls|Win32
		{FDCF82F0-6804-18CD-4DE9-60D422BA8C50}.DebugWithDlls|x64.ActiveCfg = DebugWithDlls|x64
		{FDCF82F0-6804-18CD-4DE9-60D422BA8C50}.DebugWithDlls|x64.Build.0 = DebugWithDlls|x64
		{FDCF82F0-6804-18CD-4DE9-60D422BA8C50}.DebugWithStaticLibs|Win32.ActiveCfg = DebugWithStaticLibs|Win32
		{FDCF82F0-6804-18CD-4DE9-60D422BA8C50}.DebugWithStaticLibs|Win32.Build.0 = DebugWithStaticLibs|Win32
		{FDCF82F0-6804-18CD-4DE9-60D422BA8C50}.DebugWithStaticLibs|x64.ActiveCfg = DebugWithStaticLibs|x64
		{FDCF82F0-6804-18CD-4DE9-60D422BA8C50}.DebugWithStaticLibs|x64.Build.0 = DebugWithStaticLibs|x64
		{FDCF82F0-6804-18CD-4DE9-60D422BA8C50}.ReleaseWithDlls|Win32.ActiveCfg = ReleaseWithDlls|Win32
		{FDCF82F0-6804-18CD-4DE9-60D422BA8C50}.ReleaseWithDlls|Win32.Build.0 = ReleaseWithDlls|Win32
		{FDCF82F0-6804-18CD-4DE9-60D422BA8C50}.ReleaseWithDlls|x64.ActiveCfg = ReleaseWithDlls|x64
		{FDCF82F0-6804-18CD-4DE9-60D422BA8C50}.ReleaseWithDlls|x64.Build.0 = ReleaseWithDlls|x64
		{FDCF82F0-6804-18CD-4DE9-60D422BA8C50}.ReleaseWithStaticLibs|Win32.ActiveCfg = ReleaseWithStaticLibs|Win32
		{FDCF82F0-6804-18CD-4DE9-60D422BA8C50}.ReleaseWithStaticLibs|Win32.Build.0 = ReleaseWithStaticLibs|Win32
		{FDCF82F0-6804-18CD-4DE9-60D422BA8C50}.ReleaseWithStaticLibs|x64.ActiveCfg = ReleaseWithStaticLibs|x64
		{FDCF82F0-6804-18CD-4DE9-60D422BA8C50}.ReleaseWithStaticLibs|x64.Build.0 = ReleaseWithStaticLibs|x64
		{025A8D97-BA9D-441A-6C95-1AB1DDA432F3}.DebugWithDlls|Win32.ActiveCfg = DebugWithDlls|Win32
		{025A8D97-BA9D-441A-6C95-1AB1DDA432F3}.DebugWithDlls|Win32.Build.0 = DebugWithDlls|Win32
		{025A8D97-BA9D-441A-6C95-1AB1DDA432F3}.DebugWithDlls|x64.ActiveCfg = DebugWithDlls|x64
		{025A8D97-BA9D-441A-6C95-1AB1DDA432F3}.DebugWithDlls|x64.Build.0 = DebugWithDlls|x64
		{025A8D97-BA9D-441A-6C95-1AB1DDA432F3}.DebugWithStaticLibs|Win32.ActiveCfg = DebugWithStaticLibs|Win32
		{025A8D97-BA9D-441A-6C95-1AB1DDA432F3}.DebugWithStaticLibs|Win32.Build.0 = DebugWithStaticLibs|Win32
		{025A8D97-BA9D-441A-6C95-1AB1DDA432F3}.DebugWithStaticLibs|x64.ActiveCfg = DebugWithStaticLibs|x64
		{025A8D97-BA9D-441A-6C95-1AB1DDA432F3}.DebugWithStaticLibs|x64.Build.0 = DebugWithStaticLibs|x64
		{025A8D97-BA9D-441A-6C95-1AB1DDA432F3}.ReleaseWithDlls|Win32.ActiveCfg = ReleaseWithDlls|Win32
		{025A8D97-BA9D-441A-6C95-1AB1DDA432F3}.ReleaseWithDlls|Win32.Build.0 = ReleaseWithDlls|Win32
		{025A8D97-BA9D-441A-6C95-1AB1DDA432F3}.ReleaseWithDlls|x64.ActiveCfg = ReleaseWithDlls|x64
		{025A8D97-BA9D-441A-6C95-1AB1DDA432F3}.ReleaseWithDlls|x64.Build.0 = ReleaseWithDlls|x64
		{025A8D97-BA9D-441A-6C95-1AB1DDA432F3}.ReleaseWithStaticLibs|Win32.ActiveCfg = ReleaseWithStaticLibs|Win32
		{025A8D97-BA9D-441A-6C95-1AB1DDA432F3}.ReleaseWithStaticLibs|Win32.Build.0 = ReleaseWithStaticLibs|Win32
		{025A8D97-BA9D-441A-6C95-1AB1DDA432F3}.ReleaseWithStaticLibs|x64.ActiveCfg = ReleaseWithStaticLibs|x64
		{025A8D97-BA9D-441A-6C95-1AB1DDA432F3}.ReleaseWithStaticLibs|x64.Build.0 = ReleaseWithStaticLibs|x64
		{E52C45F7-9F93-B2E3-AEC6-7091557B118C}.DebugWithDlls|Win32.ActiveCfg = DebugWithDlls|Win32
		{E52C45F7-9F93-B2E3-AEC6-7091557B118C}.DebugWithDlls|Win32.Build.0 = DebugWithDlls|Win32
		{E52C45F7-9F93-B2E3-AEC6-7091557B118C}.DebugWithDlls|x64.ActiveCfg = DebugWithDlls|x64
		{E52C45F7-9F93-B2E3-AEC6-7091557B118C}.DebugWithDlls|x64.Build.0 = DebugWithDlls|x64
		{E52C45F7-9F93-B2E3-AEC6-7091557B118C}.DebugWithStaticLibs|Win32.ActiveCfg = DebugWithStaticLibs|Win32
		{E52C45F7-9F93-B2E3-AEC6-7091557B118C}.DebugWithStaticLibs|Win32.Build.0 = DebugWithStaticLibs|Win32
		{E52C45F7-9F93-B2E3-AEC6-7091557B118C}.DebugWithStaticLibs|x64.ActiveCfg = DebugWithStaticLibs|x64
		{E52C45F7-9F93-B2E3-AEC6-7091557B118C}.DebugWithStaticLibs|x64.Build.0 = DebugWithStaticLibs|x64
		{E52C45F7-9F93-B2E3-AEC6-7091557B118C}.ReleaseWithDlls|Win32.ActiveCfg = ReleaseWithDlls|Win32
		{E52C45F7-9F93-B2E3-AEC6-7091557B118C}.ReleaseWithDlls|Win32.Build.0 = ReleaseWithDlls|Win32
		{E52C45F7-9F93-B2E3-AEC6-7091557B118C}.ReleaseWithDlls|x64.ActiveCfg = ReleaseWithDlls|x64
		{E52C45F7-9F93-B2E3-AEC6-7091557B118C}.ReleaseWithDlls|x64.Build.0 = ReleaseWithDlls|x64
		{E52C45F7-9F93-B2E3-AEC6-7091557B118C}.ReleaseWithStaticLibs|Win32.ActiveCfg = ReleaseWithStaticLibs|Win32
		{E52C45F7-9F93-B2E3-AEC6-7091557B118C}.ReleaseWithStaticLibs|Win32.Build.0 = ReleaseWithStaticLibs|Win32
		{E52C45F7-9F93-B2E3-AEC6-7091557B118C}.ReleaseWithStaticLibs|x64.ActiveCfg = ReleaseWithStaticLibs|x64
		{E52C45F7-9F93-B2E3-AEC6-7091557B118C}.ReleaseWithStaticLibs|x64.Build.0 = ReleaseWithStaticLibs|x64
		{69CC6DCF-6F53-3C1A-B2DD-FFBB09C068AE}.DebugWithDlls|Win32.ActiveCfg = DebugWithDlls|Win32
		{69CC6DCF-6F53-3C1A-B2DD-FFBB09C068AE}.DebugWithDlls|Win32.Build.0 = DebugWithDlls|Win32
		{69CC6DCF-6F53-3C1A-B2DD-FFBB09C068AE}.DebugWithDlls|x64.ActiveCfg = DebugWithDlls|x64
		{69CC6DCF-6F53-3C1A-B2DD-FFBB09C068AE}.DebugWithDlls|x64.Build.0 = DebugWithDlls|x64
		{69CC6DCF-6F53-3C1A-B2DD-FFBB09C068AE}.DebugWithStaticLibs|Win32.ActiveCfg = DebugWithStaticLibs|Win32
		{69CC6DCF-6F53-3C1A-B2DD-FFBB09C068AE}.DebugWithStaticLibs|Win32.Build.0 = DebugWithStaticLibs|Win32
		{69CC6DCF-6F53-3C1A-B2DD-FFBB09C068AE}.DebugWithStaticLibs|x64.ActiveCfg = DebugWithStaticLibs|x64
		{69CC6DCF-6F53-3C1A-B2DD-FFBB09C068AE}.DebugWithStaticLibs|x64.Build.0 = DebugWithStaticLibs|x64
		{69CC6DCF-6F53-3C1A-B2DD-FFBB09C068AE}.ReleaseWithDlls|Win32.ActiveCfg = ReleaseWithDlls|Win32
		{69CC6DCF-6F53-3C1A-B2DD-FFBB09C068AE}.ReleaseWithDlls|Win32.Build.0 = ReleaseWithDlls|Win32
		{69CC6DCF-6F53-3C1A-B2DD-FFBB09C068AE}.ReleaseWithDlls|x64.ActiveCfg = ReleaseWithDlls|x64
		{69CC6DCF-6F53-3C1A-B2DD-FFBB09C068AE}.ReleaseWithDlls|x64.Build.0 = ReleaseWithDlls|x64
		{69CC6DCF-6F53-3C1A-B2DD-FFBB09C068AE}.ReleaseWithStaticLibs|Win32.ActiveCfg = ReleaseWithStaticLibs|Win32
		{69CC6DCF-6F53-3C1A-B2DD-FFBB09C068AE}.ReleaseWithStaticLibs|Win32.Build.0 = ReleaseWithStaticLibs|Win32
		{69CC6DCF-6F53-3C1A-B2DD-FFBB09C068AE}.ReleaseWithStaticLibs|x64.ActiveCfg = ReleaseWithStaticLibs|x64
		{69CC6DCF-6F53-3C1A-B2DD-FFBB09C068AE}.ReleaseWithStaticLibs|x64.Build.0 = ReleaseWithStaticLibs|x64
		{0E350FAB-AC29-2982-8FB4-C97CA88F1415}.DebugWithDlls|Win32.ActiveCfg = DebugWithDlls|Win32
		{0E350FAB-AC29-2982-8FB4-C97CA88F1415}.DebugWithDlls|Win32.Build.0 = DebugWithDlls|Win32
		{0E350FAB-AC29-2982-8FB4-C97CA88F1415}.DebugWithDlls|x64.ActiveCfg = DebugWithDlls|x64
		{0E350FAB-AC29-2982-8FB4-C97CA88F1415}.DebugWithDlls|x64.Build.0 = DebugWithDlls|x64
		{0E350FAB-AC29-2982-8FB4-C97CA88F1415}.DebugWithStaticLibs|Win32.ActiveCfg = DebugWithStaticLibs|Win32
		{0E350FAB-AC29-2982-8FB4-C97CA88F1415}.DebugWithStaticLibs|Win32.Build.0 = DebugWithStaticLibs|Win32
		{0E350FAB-AC29-2982-8FB4-C97CA88F1415}.DebugWithStaticLibs|x64.ActiveCfg = DebugWithStaticLibs|x64
		{0E350FAB-AC29-2982-8FB4-C97CA88F1415}.DebugWithStaticLibs|x64.Build.0 = DebugWithStaticLibs|x64
		{0E350FAB-AC29-2982-8FB4-C97CA88F1415}.ReleaseWithDlls|Win32.ActiveCfg = ReleaseWithDlls|Win32
		{0E350FAB-AC29-2982-8FB4-C97CA88F1415}.ReleaseWithDlls|Win32.Build.0 = ReleaseWithDlls|Win32
		{0E350FAB-AC29-2982-8FB4-C97CA88F1415}.ReleaseWithDlls|x64.ActiveCfg = ReleaseWithDlls|x64
		{0E350FAB-AC29-2982-8FB4-C97CA88F1415}.ReleaseWithDlls|x64.Build.0 = ReleaseWithDlls|x64
		{0E350FAB-AC29-2982-8FB4-C97CA88F1415}.ReleaseWithStaticLibs|Win32.ActiveCfg = ReleaseWithStaticLibs|Win32
		{0E350FAB-AC29-2982-8FB4-C97CA88F1415}.ReleaseWithStaticLibs|Win32.Build.0 = ReleaseWithStaticLibs|Win32
		{0E350FAB-AC29-2982-8FB4-C97CA88F1415}.ReleaseWithStaticLibs|x64.ActiveCfg = ReleaseWithStaticLibs|x64
		{0E350FAB-AC29-2982-8FB4-C97CA88F1415}.ReleaseWithStaticLibs|x64.Build.0 = ReleaseWithStaticLibs|x64
		{3BC2428D-D476-C24F-9D36-091FAE040A84}.DebugWithDlls|Win32.ActiveCfg = DebugWithDlls|Win32
		{3BC2428D-D476-C24F-9D36-091FAE040A84}.DebugWithDlls|Win32.Build.0 = DebugWithDlls|Win32
		{3BC2428D-D476-C24F-9D36-091FAE040A84}.DebugWithDlls|x64.ActiveCfg = DebugWithDlls|x64
		{3BC2428D-D476-C24F-9D36-091FAE040A84}.DebugWithDlls|x64.Build.0 = DebugWithDlls|x64
		{3BC2428D-D476-C24F-9D36-091FAE040A84}.DebugWithStaticLibs|Win32.ActiveCfg = DebugWithStaticLibs|Win32
		{3BC2428D-D476-C24F-9D36-091FAE040A84}.DebugWithStaticLibs|Win32.Build.0 = DebugWithStaticLibs|Win32
		{3BC2428D-D476-C24F-9D36-091FAE040A84}.DebugWithStaticLibs|x64.ActiveCfg = DebugWithStaticLibs|x64
		{3BC2428D-D476-C24F-9D36-091FAE040A84}.DebugWithStaticLibs|x64.Build.0 = DebugWithStaticLibs|x64
		{3BC2428D-D476-C24F-9D36-091FAE040A84}.ReleaseWithDlls|Win32.ActiveCfg = ReleaseWithDlls|Win32
		{3BC2428D-D476-C24F-9D36-091FAE040A84}.ReleaseWithDlls|Win32.Build.0 = ReleaseWithDlls|Win32
		{3BC2428D-D476-C24F-9D36-091FAE040A84}.ReleaseWithDlls|x64.ActiveCfg = ReleaseWithDlls|x64
		{3BC2428D-D476-C24F-9D36-091FAE040A84}.ReleaseWithDlls|x64.Build.0 = ReleaseWithDlls|x64
		{3BC2428D-D476-C24F-9D36-091FAE040A84}.ReleaseWithStaticLibs|Win32.ActiveCfg = ReleaseWithStaticLibs|Win32
		{3BC2428D-D476-C24F-9D36-091FAE040A84}.ReleaseWithStaticLibs|Win32.Build.0 = ReleaseWithStaticLibs|Win32
		{3BC2428D-D476-C24F-9D36-091FAE040A84}.ReleaseWithStaticLibs|x64.ActiveCfg = ReleaseWithStaticLibs|x64
		{3BC2428D-D476-C24F-9D36-091FAE040A84}.ReleaseWithStaticLibs|x64.Build.0 = ReleaseWithStaticLibs|x64
		{D7E239E7-0180-8EF5-01E6-BA62F0FF2E6B}.DebugWithDlls|Win32.ActiveCfg = DebugWithDlls|Win32
		{D7E239E7-0180-8EF5-01E6-BA62F0FF2E6B}.DebugWithDlls|Win32.Build.0 = DebugWithDlls|Win32
		{D7E239E7-0180-8EF5-01E6-BA62F0FF2E6B}.DebugWithDlls|x64.ActiveCfg = DebugWithDlls|x64
		{D7E239E7-0180-8EF5-01E6-BA62F0FF2E6B}.DebugWithDlls|x64.Build.0 = DebugWithDlls|x64
		{D7E239E7-0180-8EF5-01E6-BA62F0FF2E6B}.DebugWithStaticLibs|Win32.ActiveCfg = DebugWithStaticLibs|Win32
		{D7E239E7-0180-8EF5-01E6-BA62F0FF2E6B}.DebugWithStaticLibs|Win32.Build.0 = DebugWithStaticLibs|Win32
		{D7E239E7-0180-8EF5-01E6-BA62F0FF2E6B}.DebugWithStaticLibs|x64.ActiveCfg = DebugWithStaticLibs|x64
		{D7E239E7-0180-8EF5-01E6-BA62F0FF2E6B}.DebugWithStaticLibs|x64.Build.0 = DebugWithStaticLibs|x64
		{D7E239E7-0180-8EF5-01E6-BA62F0FF2E6B}.ReleaseWithDlls|Win32.ActiveCfg = ReleaseWithDlls|Win32
		{D7E239E7-0180-8EF5-01E6-BA62F0FF2E6B}.ReleaseWithDlls|Win32.Build.0 = ReleaseWithDlls|Win32
		{D7E239E7-0180-8EF5-01E6-BA62F0FF2E6B}.ReleaseWithDlls|x64.ActiveCfg = ReleaseWithDlls|x64
		{D7E239E7-0180-8EF5-01E6-BA62F0FF2E6B}.ReleaseWithDlls|x64.Build.0 = ReleaseWithDlls|x64
		{D7E239E7-0180-8EF5-01E6-BA62F0FF2E6B}.ReleaseWithStaticLibs|Win32.ActiveCfg = ReleaseWithStaticLibs|Win32
		{D7E239E7-0180-8EF5-01E6-BA62F0FF2E6B}.ReleaseWithStaticLibs|Win32.Build.0 = ReleaseWithStaticLibs|Win32
		{D7E239E7-0180-8EF5-01E6-BA62F0FF2E6B}.ReleaseWithStaticLibs|x64.ActiveCfg = ReleaseWithStaticLibs|x64
		{D7E239E7-0180-8EF5-01E6-BA62F0FF2E6B}.ReleaseWithStaticLibs|x64.Build.0 = ReleaseWithStaticLibs|x64
		{7BBB027F-0D23-35E4-A8D1-AA584FCD988D}.DebugWithDlls|Win32.ActiveCfg = DebugWithDlls|Win32
		{7BBB027F-0D23-35E4-A8D1-AA584FCD988D}.DebugWithDlls|Win32.Build.0 = DebugWithDlls|Win32
		{7BBB027F-0D23-35E4-A8D1-AA584FCD988D}.DebugWithDlls|x64.ActiveCfg = DebugWithDlls|x64
		{7BBB027F-0D23-35E4-A8D1-AA584FCD988D}.DebugWithDlls|x64.Build.0 = DebugWithDlls|x64
		{7BBB027F-0D23-35E4-A8D1-AA584FCD988D}.DebugWithStaticLibs|Win32.ActiveCfg = DebugWithStaticLibs|Win32
		{7BBB027F-0D23-35E4-A8D1-AA584FCD988D}.DebugWithStaticLibs|Win32.Build.0 = DebugWithStaticLibs|Win32
		{7BBB027F-0D23-35E4-A8D1-AA584FCD988D}.DebugWithStaticLibs|x64.ActiveCfg = DebugWithStaticLibs|x64
		{7BBB027F-0D23-35E4-A8D1-AA584FCD988D}.DebugWithStaticLibs|x64.Build.0 = DebugWithStaticLibs|x64
		{7BBB027F-0D23-35E4-A8D1-AA584FCD988D}.ReleaseWithDlls|Win32.ActiveCfg = ReleaseWithDlls|Win32
		{7BBB027F-0D23-35E4-A8D1-AA584FCD988D}.ReleaseWithDlls|Win32.Build.0 = ReleaseWithDlls|Win32
		{7BBB027F-0D23-35E4-A8D1-AA584FCD988D}.ReleaseWithDlls|x64.ActiveCfg = ReleaseWithDlls|x64
		{7BBB027F-0D23-35E4-A8D1-AA584FCD988D}.ReleaseWithDlls|x64.Build.0 = ReleaseWithDlls|x64
		{7BBB027F-0D23-35E4-A8D1-AA584FCD988D}.ReleaseWithStaticLibs|Win32.ActiveCfg = ReleaseWithStaticLibs|Win32
		{7BBB027F-0D23-35E4-A8D1-AA584FCD988D}.ReleaseWithStaticLibs|Win32.Build.0 = ReleaseWithStaticLibs|Win32
		{7BBB027F-0D23-35E4-A8D1-AA584FCD988D}.ReleaseWithStaticLibs|x64.ActiveCfg = ReleaseWithStaticLibs|x64
		{7BBB027F-0D23-35E4-A8D1-AA584FCD988D}.ReleaseWithStaticLibs|x64.Build.0 = ReleaseWithStaticLibs|x64
		{A0D8A7A0-73E3-63DD-07C6-AC0431D5F7E5}.DebugWithDlls|Win32.ActiveCfg = DebugWithDlls|Win32
		{A0D8A7A0-73E3-63DD-07C6-AC0431D5F7E5}.DebugWithDlls|Win32.Build.0 = DebugWithDlls|Win32
		{A0D8A7A0-73E3-63DD-07C6-AC0431D5F7E5}.DebugWithDlls|x64.ActiveCfg = DebugWithDlls|x64
		{A0D8A7A0-73E3-63DD-07C6-AC0431D5F7E5}.DebugWithDlls|x64.Build.0 = DebugWithDlls|x64
		{A0D8A7A0-73E3-63DD-07C6-AC0431D5F7E5}.DebugWithStaticLibs|Win32.ActiveCfg = DebugWithStaticLibs|Win32
		{A0D8A7A0-73E3-63DD-07C6-AC0431D5F7E5}.DebugWithStaticLibs|Win32.Build.0 = DebugWithStaticLibs|Win32
		{A0D8A7A0-73E3-63DD-07C6-AC0431D5F7E5}.DebugWithStaticLibs|x64.ActiveCfg = DebugWithStaticLibs|x64
		{A0D8A7A0-73E3-63DD-07C6-AC0431D5F7E5}.DebugWithStaticLibs|x64.Build.0 = DebugWithStaticLibs|x64
		{A0D8A7A0-73E3-63DD-07C6-AC0431D5F7E5}.ReleaseWithDlls|Win32.ActiveCfg = ReleaseWithDlls|Win32
		{A0D8A7A0-73E3-63DD-07C6-AC0431D5F7E5}.ReleaseWithDlls|Win32.Build.0 = ReleaseWithDlls|Win32
		{A0D8A7A0-73E3-63DD-07C6-AC0431D5F7E5}.ReleaseWithDlls|x64.ActiveCfg = ReleaseWithDlls|x64
		{A0D8A7A0-73E3-63DD-07C6-AC0431D5F7E5}.ReleaseWithDlls|x64.Build.0 = ReleaseWithDlls|x64
		{A0D8A7A0-73E3-63DD-07C6-AC0431D5F7E5}.ReleaseWithStaticLibs|Win32.ActiveCfg = ReleaseWithStaticLibs|Win32
		{A0D8A7A0-73E3-63DD-07C6-AC0431D5F7E5}.ReleaseWithStaticLibs|Win32.Build.0 = ReleaseWithStaticLibs|Win32
		{A0D8A7A0-73E3-63DD-07C6-AC0431D5F7E5}.ReleaseWithStaticLibs|x64.ActiveCfg = ReleaseWithStaticLibs|x64
		{A0D8A7A0-73E3-63DD-07C6-AC0431D5F7E5}.ReleaseWithStaticLibs|x64.Build.0 = ReleaseWithStaticLibs|x64
		{CB70AB71-D6F8-A006-C815-B2F8919C3B2E}.DebugWithDlls|Win32.ActiveCfg = DebugWithDlls|Win32
		{CB70AB71-D6F8-A006-C815-B2F8919C3B2E}.DebugWithDlls|Win32.Build.0 = DebugWithDlls|Win32
		{CB70AB71-D6F8-A006-C815-B2F8919C3B2E}.DebugWithDlls|x64.ActiveCfg = DebugWithDlls|x64
		{CB70AB71-D6F8-A006-C815-B2F8919C3B2E}.DebugWithDlls|x64.Build.0 = DebugWithDlls|x64
		{CB70AB71-D6F8-A006-C815-B2F8919C3B2E}.DebugWithStaticLibs|Win32.ActiveCfg = DebugWithStaticLibs|Win32
		{CB70AB71-D6F8-A006-C815-B2F8919C3B2E}.DebugWithStaticLibs|Win32.Build.0 = DebugWithStaticLibs|Win32
		{CB70AB71-D6F8-A006-C815-B2F8919C3B2E}.DebugWithStaticLibs|x64.ActiveCfg = DebugWithStaticLibs|x64
		{CB70AB71-D6F8-A006-C815-B2F8919C3B2E}.DebugWithStaticLibs|x64.Build.0 = DebugWithStaticLibs|x64
		{CB70AB71-D6F8-A006-C815-B2F8919C3B2E}.ReleaseWithDlls|Win32.ActiveCfg = ReleaseWithDlls|Win32
		{CB70AB71-D6F8-A006-C815-B2F8919C3B2E}.ReleaseWithDlls|Win32.Build.0 = ReleaseWithDlls|Win32
		{CB70AB71-D6F8-A006-C815-B2F8919C3B2E}.ReleaseWithDlls|x64.ActiveCfg = ReleaseWithDlls|x64
		{CB70AB71-D6F8-A006-C815-B2F8919C3B2E}.ReleaseWithDlls|x64.Build.0 = ReleaseWithDlls|x64
		{CB70AB71-D6F8-A006-C815-B2F8919C3B2E}.ReleaseWithStaticLibs|Win32.ActiveCfg = ReleaseWithStaticLibs|Win32
		{CB70AB71-D6F8-A006-C815-B2F8919C3B2E}.ReleaseWithStaticLibs|Win32.Build.0 = ReleaseWithStaticLibs|Win32
		{CB70AB71-D6F8-A006-C815-B2F8919C3B2E}.ReleaseWithStaticLibs|x64.ActiveCfg = ReleaseWithStaticLibs|x64
		{CB70AB71-D6F8-A006-C815-B2F8919C3B2E}.ReleaseWithStaticLibs|x64.Build.0 = ReleaseWithStaticLibs|x64
		{881C9242-68DE-7612-630E-827A40AB6F14}.DebugWithDlls|Win32.ActiveCfg = DebugWithDlls|Win32
		{881C9242-68DE-7612-630E-827A40AB6F14}.DebugWithDlls|Win32.Build.0 = DebugWithDlls|Win32
		{881C9242-68DE-7612-630E-827A40AB6F14}.DebugWithDlls|x64.ActiveCfg = DebugWithDlls|x64
		{881C9242-68DE-7612-630E-827A40AB6F14}.DebugWithDlls|x64.Build.0 = DebugWithDlls|x64
		{881C9242-68DE-7612-630E-827A40AB6F14}.DebugWithStaticLibs|Win32.ActiveCfg = DebugWithStaticLibs|Win32
		{881C9242-68DE-7612-630E-827A40AB6F14}.DebugWithStaticLibs|Win32.Build.0 = DebugWithStaticLibs|Win32
		{881C9242-68DE-7612-630E-827A40AB6F14}.DebugWithStaticLibs|x64.ActiveCfg = DebugWithStaticLibs|x64
		{881C9242-68DE-7612-630E-827A40AB6F14}.DebugWithStaticLibs|x64.Build.0 = DebugWithStaticLibs|x64
		{881C9242-68DE-7612-630E-827A40AB6F14}.ReleaseWithDlls|Win32.ActiveCfg = ReleaseWithDlls|Win32
		{881C9242-68DE-7612-630E-827A40AB6F14}.ReleaseWithDlls|Win32.Build.0 = ReleaseWithDlls|Win32
		{881C9242-68DE-7612-630E-827A40AB6F14}.ReleaseWithDlls|x64.ActiveCfg = ReleaseWithDlls|x64
		{881C9242-68DE-7612-630E-827A40AB6F14}.ReleaseWithDlls|x64.Build.0 = ReleaseWithDlls|x64
		{881C9242-68DE-7612-630E-827A40AB6F14}.ReleaseWithStaticLibs|Win32.ActiveCfg = ReleaseWithStaticLibs|Win32
		{881C9242-68DE-7612-630E-827A40AB6F14}.ReleaseWithStaticLibs|Win32.Build.0 = ReleaseWithStaticLibs|Win32
		{881C9242-68DE-7612-630E-827A40AB6F14}.ReleaseWithStaticLibs|x64.ActiveCfg = ReleaseWithStaticLibs|x64
		{881C9242-68DE-7612-630E-827A40AB6F14}.ReleaseWithStaticLibs|x64.Build.0 = ReleaseWithStaticLibs|x64
		{E6FD877A-4FBD-D10A-923F-F58E30164B73}.DebugWithDlls|Win32.ActiveCfg = DebugWithDlls|Win32
		{E6FD877A-4FBD-D10A-923F-F58E30164B73}.DebugWithDlls|Win32.Build.0 = DebugWithDlls|Win32
		{E6FD877A-4FBD-D10A-923F-F58E30164B73}.DebugWithDlls|x64.ActiveCfg = DebugWithDlls|x64
		{E6FD877A-4FBD-D10A-923F-F58E30164B73}.DebugWithDlls|x64.Build.0 = DebugWithDlls|x64
		{E6FD877A-4FBD-D10A-923F-F58E30164B73}.DebugWithStaticLibs|Win32.ActiveCfg = DebugWithStaticLibs|Win32
		{E6FD877A-4FBD-D10A-923F-F58E30164B73}.DebugWithStaticLibs|Win32.Build.0 = DebugWithStaticLibs|Win32
		{E6FD877A-4FBD-D10A-923F-F58E30164B73}.DebugWithStaticLibs|x64.ActiveCfg = DebugWithStaticLibs|x64
		{E6FD877A-4FBD-D10A-923F-F58E30164B73}.DebugWithStaticLibs|x64.Build.0 = DebugWithStaticLibs|x64
		{E6FD877A-4FBD-D10A-923F-F58E30164B73}.ReleaseWithDlls|Win32.ActiveCfg = ReleaseWithDlls|Win32
		{E6FD877A-4FBD-D10A-923F-F58E30164B73}.ReleaseWithDlls|Win32.Build.0 = ReleaseWithDlls|Win32
		{E6FD877A-4FBD-D10A-923F-F58E30164B73}.ReleaseWithDlls|x64.ActiveCfg = ReleaseWithDlls|x64
		{E6FD877A-4FBD-D10A-923F-F58E30164B73}.ReleaseWithDlls|x64.Build.0 = ReleaseWithDlls|x64
		{E6FD877A-4FBD-D10A-923F-F58E30164B73}.ReleaseWithStaticLibs|Win32.ActiveCfg = ReleaseWithStaticLibs|Win32
		{E6FD877A-4FBD-D10A-923F-F58E30164B73}.ReleaseWithStaticLibs|Win32.Build.0 = ReleaseWithStaticLibs|Win32
		{E6FD877A-4FBD-D10A-923F-F58E30164B73}.ReleaseWithStaticLibs|x64.ActiveCfg = ReleaseWithStaticLibs|x64
		{E6FD877A-4FBD-D10A-923F-F58E30164B73}.ReleaseWithStaticLibs|x64.Build.0 = ReleaseWithStaticLibs|x64
		{5DF57EC1-A9D3-1520-2456-401ECB37B2E2}.DebugWithDlls|Win32.ActiveCfg = DebugWithDlls|Win32
		{5DF57EC1-A9D3-1520-2456-401ECB37B2E2}.DebugWithDlls|Win32.Build.0 = DebugWithDlls|Win32
		{5DF57EC1-A9D3-1520-2456-401ECB37B2E2}.DebugWithDlls|x64.ActiveCfg = DebugWithDlls|x64
		{5DF57EC1-A9D3-1520-2456-401ECB37B2E2}.DebugWithDlls|x64.Build.0 = DebugWithDlls|x64
		{5DF57EC1-A9D3-1520-2456-401ECB37B2E2}.DebugWithStaticLibs|Win32.ActiveCfg = DebugWithStaticLibs|Win32
		{5DF57EC1-A9D3-1520-2456-401ECB37B2E2}.DebugWithStaticLibs|Win32.Build.0 = DebugWithStaticLibs|Win32
		{5DF57EC1-A9D3-1520-2456-401ECB37B2E2}.DebugWithStaticLibs|x64.ActiveCfg = DebugWithStaticLibs|x64
		{5DF57EC1-A9D3-1520-2456-401ECB37B2E2}.DebugWithStaticLibs|x64.Build.0 = DebugWithStaticLibs|x64
		{5DF57EC1-A9D3-1520-2456-401ECB37B2E2}.ReleaseWithDlls|Win32.ActiveCfg = ReleaseWithDlls|Win32
		{5DF57EC1-A9D3-1520-2456-401ECB37B2E2}.ReleaseWithDlls|Win32.Build.0 = ReleaseWithDlls|Win32
		{5DF57EC1-A9D3-1520-2456-401ECB37B2E2}.ReleaseWithDlls|x64.ActiveCfg = ReleaseWithDlls|x64
		{5DF57EC1-A9D3-1520-2456-401ECB37B2E2}.ReleaseWithDlls|x64.Build.0 = ReleaseWithDlls|x64
		{5DF57EC1-A9D3-1520-2456-401ECB37B2E2}.ReleaseWithStaticLibs|Win32.ActiveCfg = ReleaseWithStaticLibs|Win32
		{5DF57EC1-A9D3-1520-2456-401ECB37B2E2}.ReleaseWithStaticLibs|Win32.Build.0 = ReleaseWithStaticLibs|Win32
		{5DF57EC1-A9D3-1520-2456-401ECB37B2E2}.ReleaseWithStaticLibs|x64.ActiveCfg = ReleaseWithStaticLibs|x64
		{5DF57EC1-A9D3-1520-2456-401ECB37B2E2}.ReleaseWithStaticLibs|x64.Build.0 = ReleaseWithStaticLibs|x64
		{79707E9E-649F-6C19-5E9A-2DF0797AD383}.DebugWithDlls|Win32.ActiveCfg = DebugWithDlls|Win32
		{79707E9E-649F-6C19-5E9A-2DF0797AD383}.DebugWithDlls|Win32.Build.0 = DebugWithDlls|Win32
		{79707E9E-649F-6C19-5E9A-2DF0797AD383}.DebugWithDlls|x64.ActiveCfg = DebugWithDlls|x64
		{79707E9E-649F-6C19-5E9A-2DF0797AD383}.DebugWithDlls|x64.Build.0 = DebugWithDlls|x64
		{79707E9E-649F-6C19-5E9A-2DF0797AD383}.DebugWithStaticLibs|Win32.ActiveCfg = DebugWithStaticLibs|Win32
		{79707E9E-649F-6C19-5E9A-2DF0797AD383}.DebugWithStaticLibs|Win32.Build.0 = DebugWithStaticLibs|Win32
		{79707E9E-649F-6C19-5E9A-2DF0797AD383}.DebugWithStaticLibs|x64.ActiveCfg = DebugWithStaticLibs|x64
		{79707E9E-649F-6C19-5E9A-2DF0797AD383}.DebugWithStaticLibs|x64.Build.0 = DebugWithStaticLibs|x64
		{79707E9E-649F-6C19-5E9A-2DF0797AD383}.ReleaseWithDlls|Win32.ActiveCfg = ReleaseWithDlls|Win32
		{79707E9E-649F-6C19-5E9A-2DF0797AD383}.ReleaseWithDlls|Win32.Build.0 = ReleaseWithDlls|Win32
		{79707E9E-649F-6C19-5E9A-2DF0797AD383}.ReleaseWithDlls|x64.ActiveCfg = ReleaseWithDlls|x64
		{79707E9E-649F-6C19-5E9A-2DF0797AD383}.ReleaseWithDlls|x64.Build.0 = ReleaseWithDlls|x64
		{79707E9E-649F-6C19-5E9A-2DF0797AD383}.ReleaseWithStaticLibs|Win32.ActiveCfg = ReleaseWithStaticLibs|Win32
		{79707E9E-649F-6C19-5E9A-2DF0797AD383}.ReleaseWithStaticLibs|Win32.Build.0 = ReleaseWithStaticLibs|Win32
		{79707E9E-649F-6C19-5E9A-2DF0797AD383}.ReleaseWithStaticLibs|x64.ActiveCfg = ReleaseWithStaticLibs|x64
		{79707E9E-649F-6C19-5E9A-2DF0797AD383}.ReleaseWithStaticLibs|x64.Build.0 = ReleaseWithStaticLibs|x64
		{BC0D3283-1519-F7CE-004F-B767FEE4A54C}.DebugWithDlls|Win32.ActiveCfg = DebugWithDlls|Win32
		{BC0D3283-1519-F7CE-004F-B767FEE4A54C}.DebugWithDlls|Win32.Build.0 = DebugWithDlls|Win32
		{BC0D3283-1519-F7CE-004F-B767FEE4A54C}.DebugWithDlls|x64.ActiveCfg = DebugWithDlls|x64
		{BC0D3283-1519-F7CE-004F-B767FEE4A54C}.DebugWithDlls|x64.Build.0 = DebugWithDlls|x64
		{BC0D3283-1519-F7CE-004F-B767FEE4A54C}.DebugWithStaticLibs|Win32.ActiveCfg = DebugWithStaticLibs|Win32
		{BC0D3283-1519-F7CE-004F-B767FEE4A54C}.DebugWithStaticLibs|Win32.Build.0 = DebugWithStaticLibs|Win32
		{BC0D3283-1519-F7CE-004F-B767FEE4A54C}.DebugWithStaticLibs|x64.ActiveCfg = DebugWithStaticLibs|x64
		{BC0D3283-1519-F7CE-004F-B767FEE4A54C}.DebugWithStaticLibs|x64.Build.0 = DebugWithStaticLibs|x64
		{BC0D3283-1519-F7CE-004F-B767FEE4A54C}.ReleaseWithDlls|Win32.ActiveCfg = ReleaseWithDlls|Win32
		{BC0D3283-1519-F7CE-004F-B767FEE4A54C}.ReleaseWithDlls|Win32.Build.0 = ReleaseWithDlls|Win32
		{BC0D3283-1519-F7CE-004F-B767FEE4A54C}.ReleaseWithDlls|x64.ActiveCfg = ReleaseWithDlls|x64
		{BC0D3283-1519-F7CE-004F-B767FEE4A54C}.ReleaseWithDlls|x64.Build.0 = ReleaseWithDlls|x64
		{BC0D3283-1519-F7CE-004F-B767FEE4A54C}.ReleaseWithStaticLibs|Win32.ActiveCfg = ReleaseWithStaticLibs|Win32
		{BC0D3283-1519-F7CE-004F-B767FEE4A54C}.ReleaseWithStaticLibs|Win32.Build.0 = ReleaseWithStaticLibs|Win32
		{BC0D3283-1519-F7CE-004F-B767FEE4A54C}.ReleaseWithStaticLibs|x64.ActiveCfg = ReleaseWithStaticLibs|x64
		{BC0D3283-1519-F7CE-004F-B767FEE4A54C}.ReleaseWithStaticLibs|x64.Build.0 = ReleaseWithStaticLibs|x64
	EndGlobalSection
	GlobalSection(SolutionProperties) = preSolution
		HideSolutionNode = FALSE
	EndGlobalSection
EndGlobal
