Microsoft Visual Studio Solution File, Format Version 11.00
# Visual C++ Express 2010
Project("{8BC9CEB8-8B4A-11D0-8D11-00A0C91BC942}") = "appares", "appares.vcxproj", "{E03CB9E2-285E-D00B-3CDC-EA46625DC36F}"
	ProjectSection(ProjectDependencies) = postProject
		{5C8586A7-529C-7B0C-0178-3BEFF934F30B} = {5C8586A7-529C-7B0C-0178-3BEFF934F30B}
	EndProjectSection
EndProject
Project("{8BC9CEB8-8B4A-11D0-8D11-00A0C91BC942}") = "apparesed", "apparesed.vcxproj", "{7F9EE288-75E9-73D9-CF09-6C0CC81F20E5}"
	ProjectSection(ProjectDependencies) = postProject
		{5C8586A7-529C-7B0C-0178-3BEFF934F30B} = {5C8586A7-529C-7B0C-0178-3BEFF934F30B}
		{BC0D3283-1519-F7CE-004F-B767FEE4A54C} = {BC0D3283-1519-F7CE-004F-B767FEE4A54C}
	EndProjectSection
EndProject
Project("{8BC9CEB8-8B4A-11D0-8D11-00A0C91BC942}") = "grpall_ares", "grpall_ares.vcxproj", "{BEA4582D-13CC-716C-235A-FCE389F72A07}"
	ProjectSection(ProjectDependencies) = postProject
		{E03CB9E2-285E-D00B-3CDC-EA46625DC36F} = {E03CB9E2-285E-D00B-3CDC-EA46625DC36F}
		{7F9EE288-75E9-73D9-CF09-6C0CC81F20E5} = {7F9EE288-75E9-73D9-CF09-6C0CC81F20E5}
		{5C8586A7-529C-7B0C-0178-3BEFF934F30B} = {5C8586A7-529C-7B0C-0178-3BEFF934F30B}
		{BC0D3283-1519-F7CE-004F-B767FEE4A54C} = {BC0D3283-1519-F7CE-004F-B767FEE4A54C}
		{48BAD99A-4048-14FF-4C9C-2E7509AA368B} = {48BAD99A-4048-14FF-4C9C-2E7509AA368B}
		{F4B0AAAC-3A4D-0734-D247-6E8EA481E81D} = {F4B0AAAC-3A4D-0734-D247-6E8EA481E81D}
		{DDE460DD-0A77-1C46-BF3C-50029F813622} = {DDE460DD-0A77-1C46-BF3C-50029F813622}
		{CAF95EE0-CD20-AEC5-8418-F506ABAAC564} = {CAF95EE0-CD20-AEC5-8418-F506ABAAC564}
		{3A3271CB-B438-2D5E-EDF6-FC8BFFCF0B6F} = {3A3271CB-B438-2D5E-EDF6-FC8BFFCF0B6F}
		{3C0EEE4B-B894-8F68-C2FF-DABCA539072F} = {3C0EEE4B-B894-8F68-C2FF-DABCA539072F}
		{E51E79E0-A706-4A4A-1725-FF8ED7F87C08} = {E51E79E0-A706-4A4A-1725-FF8ED7F87C08}
		{03FAA378-10D2-00B9-EED7-3C4CD09B177F} = {03FAA378-10D2-00B9-EED7-3C4CD09B177F}
		{88E5AE79-E145-EF03-D89A-2B38BF858EE0} = {88E5AE79-E145-EF03-D89A-2B38BF858EE0}
		{89FF1EE7-2C1A-CC80-C11F-17C44E7A2E56} = {89FF1EE7-2C1A-CC80-C11F-17C44E7A2E56}
		{D54793E1-AF2F-30B4-9DF3-13F0B28BB3C5} = {D54793E1-AF2F-30B4-9DF3-13F0B28BB3C5}
		{09434ADA-558A-5763-ED95-2AB4C0086A26} = {09434ADA-558A-5763-ED95-2AB4C0086A26}
		{11B180F7-0418-5363-6A82-C114A54E0D34} = {11B180F7-0418-5363-6A82-C114A54E0D34}
		{6338701E-77F1-0B7E-C779-F754B9207DFA} = {6338701E-77F1-0B7E-C779-F754B9207DFA}
	EndProjectSection
EndProject
Project("{8BC9CEB8-8B4A-11D0-8D11-00A0C91BC942}") = "grpapps_ares", "grpapps_ares.vcxproj", "{AC865C35-BFBE-FC89-B970-45FE8DCF02ED}"
	ProjectSection(ProjectDependencies) = postProject
		{E03CB9E2-285E-D00B-3CDC-EA46625DC36F} = {E03CB9E2-285E-D00B-3CDC-EA46625DC36F}
		{7F9EE288-75E9-73D9-CF09-6C0CC81F20E5} = {7F9EE288-75E9-73D9-CF09-6C0CC81F20E5}
	EndProjectSection
EndProject
Project("{8BC9CEB8-8B4A-11D0-8D11-00A0C91BC942}") = "grplibs_ares", "grplibs_ares.vcxproj", "{959F6EB5-8F83-8A07-4DB3-E328DE5F7103}"
	ProjectSection(ProjectDependencies) = postProject
		{5C8586A7-529C-7B0C-0178-3BEFF934F30B} = {5C8586A7-529C-7B0C-0178-3BEFF934F30B}
		{BC0D3283-1519-F7CE-004F-B767FEE4A54C} = {BC0D3283-1519-F7CE-004F-B767FEE4A54C}
	EndProjectSection
EndProject
Project("{8BC9CEB8-8B4A-11D0-8D11-00A0C91BC942}") = "grpplugins_ares", "grpplugins_ares.vcxproj", "{9D292F78-D389-D620-A016-442A680D3F9E}"
	ProjectSection(ProjectDependencies) = postProject
		{48BAD99A-4048-14FF-4C9C-2E7509AA368B} = {48BAD99A-4048-14FF-4C9C-2E7509AA368B}
		{F4B0AAAC-3A4D-0734-D247-6E8EA481E81D} = {F4B0AAAC-3A4D-0734-D247-6E8EA481E81D}
		{DDE460DD-0A77-1C46-BF3C-50029F813622} = {DDE460DD-0A77-1C46-BF3C-50029F813622}
		{CAF95EE0-CD20-AEC5-8418-F506ABAAC564} = {CAF95EE0-CD20-AEC5-8418-F506ABAAC564}
		{3A3271CB-B438-2D5E-EDF6-FC8BFFCF0B6F} = {3A3271CB-B438-2D5E-EDF6-FC8BFFCF0B6F}
		{3C0EEE4B-B894-8F68-C2FF-DABCA539072F} = {3C0EEE4B-B894-8F68-C2FF-DABCA539072F}
		{E51E79E0-A706-4A4A-1725-FF8ED7F87C08} = {E51E79E0-A706-4A4A-1725-FF8ED7F87C08}
		{03FAA378-10D2-00B9-EED7-3C4CD09B177F} = {03FAA378-10D2-00B9-EED7-3C4CD09B177F}
		{88E5AE79-E145-EF03-D89A-2B38BF858EE0} = {88E5AE79-E145-EF03-D89A-2B38BF858EE0}
		{89FF1EE7-2C1A-CC80-C11F-17C44E7A2E56} = {89FF1EE7-2C1A-CC80-C11F-17C44E7A2E56}
		{D54793E1-AF2F-30B4-9DF3-13F0B28BB3C5} = {D54793E1-AF2F-30B4-9DF3-13F0B28BB3C5}
		{09434ADA-558A-5763-ED95-2AB4C0086A26} = {09434ADA-558A-5763-ED95-2AB4C0086A26}
		{11B180F7-0418-5363-6A82-C114A54E0D34} = {11B180F7-0418-5363-6A82-C114A54E0D34}
		{6338701E-77F1-0B7E-C779-F754B9207DFA} = {6338701E-77F1-0B7E-C779-F754B9207DFA}
	EndProjectSection
EndProject
Project("{8BC9CEB8-8B4A-11D0-8D11-00A0C91BC942}") = "libcommon", "libcommon.vcxproj", "{5C8586A7-529C-7B0C-0178-3BEFF934F30B}"
EndProject
Project("{8BC9CEB8-8B4A-11D0-8D11-00A0C91BC942}") = "libedcommon", "libedcommon.vcxproj", "{BC0D3283-1519-F7CE-004F-B767FEE4A54C}"
EndProject
Project("{8BC9CEB8-8B4A-11D0-8D11-00A0C91BC942}") = "plgcurvemesh", "plgcurvemesh.vcxproj", "{48BAD99A-4048-14FF-4C9C-2E7509AA368B}"
EndProject
Project("{8BC9CEB8-8B4A-11D0-8D11-00A0C91BC942}") = "plgcurvemode", "plgcurvemode.vcxproj", "{F4B0AAAC-3A4D-0734-D247-6E8EA481E81D}"
	ProjectSection(ProjectDependencies) = postProject
		{BC0D3283-1519-F7CE-004F-B767FEE4A54C} = {BC0D3283-1519-F7CE-004F-B767FEE4A54C}
	EndProjectSection
EndProject
Project("{8BC9CEB8-8B4A-11D0-8D11-00A0C91BC942}") = "plgdynfacteditor", "plgdynfacteditor.vcxproj", "{DDE460DD-0A77-1C46-BF3C-50029F813622}"
	ProjectSection(ProjectDependencies) = postProject
		{BC0D3283-1519-F7CE-004F-B767FEE4A54C} = {BC0D3283-1519-F7CE-004F-B767FEE4A54C}
	EndProjectSection
EndProject
Project("{8BC9CEB8-8B4A-11D0-8D11-00A0C91BC942}") = "plgdynworldload", "plgdynworldload.vcxproj", "{CAF95EE0-CD20-AEC5-8418-F506ABAAC564}"
EndProject
Project("{8BC9CEB8-8B4A-11D0-8D11-00A0C91BC942}") = "plgentitymode", "plgentitymode.vcxproj", "{3A3271CB-B438-2D5E-EDF6-FC8BFFCF0B6F}"
	ProjectSection(ProjectDependencies) = postProject
		{BC0D3283-1519-F7CE-004F-B767FEE4A54C} = {BC0D3283-1519-F7CE-004F-B767FEE4A54C}
	EndProjectSection
EndProject
Project("{8BC9CEB8-8B4A-11D0-8D11-00A0C91BC942}") = "plgfoliagemode", "plgfoliagemode.vcxproj", "{3C0EEE4B-B894-8F68-C2FF-DABCA539072F}"
	ProjectSection(ProjectDependencies) = postProject
		{BC0D3283-1519-F7CE-004F-B767FEE4A54C} = {BC0D3283-1519-F7CE-004F-B767FEE4A54C}
	EndProjectSection
EndProject
Project("{8BC9CEB8-8B4A-11D0-8D11-00A0C91BC942}") = "plggamecontrol", "plggamecontrol.vcxproj", "{E51E79E0-A706-4A4A-1725-FF8ED7F87C08}"
EndProject
Project("{8BC9CEB8-8B4A-11D0-8D11-00A0C91BC942}") = "plghelpframe", "plghelpframe.vcxproj", "{03FAA378-10D2-00B9-EED7-3C4CD09B177F}"
	ProjectSection(ProjectDependencies) = postProject
		{BC0D3283-1519-F7CE-004F-B767FEE4A54C} = {BC0D3283-1519-F7CE-004F-B767FEE4A54C}
	EndProjectSection
EndProject
Project("{8BC9CEB8-8B4A-11D0-8D11-00A0C91BC942}") = "plgmainmode", "plgmainmode.vcxproj", "{88E5AE79-E145-EF03-D89A-2B38BF858EE0}"
	ProjectSection(ProjectDependencies) = postProject
		{BC0D3283-1519-F7CE-004F-B767FEE4A54C} = {BC0D3283-1519-F7CE-004F-B767FEE4A54C}
	EndProjectSection
EndProject
Project("{8BC9CEB8-8B4A-11D0-8D11-00A0C91BC942}") = "plgmarker", "plgmarker.vcxproj", "{89FF1EE7-2C1A-CC80-C11F-17C44E7A2E56}"
EndProject
Project("{8BC9CEB8-8B4A-11D0-8D11-00A0C91BC942}") = "plgnature", "plgnature.vcxproj", "{D54793E1-AF2F-30B4-9DF3-13F0B28BB3C5}"
EndProject
Project("{8BC9CEB8-8B4A-11D0-8D11-00A0C91BC942}") = "plgplaymode", "plgplaymode.vcxproj", "{09434ADA-558A-5763-ED95-2AB4C0086A26}"
	ProjectSection(ProjectDependencies) = postProject
		{BC0D3283-1519-F7CE-004F-B767FEE4A54C} = {BC0D3283-1519-F7CE-004F-B767FEE4A54C}
	EndProjectSection
EndProject
Project("{8BC9CEB8-8B4A-11D0-8D11-00A0C91BC942}") = "plgroommode", "plgroommode.vcxproj", "{11B180F7-0418-5363-6A82-C114A54E0D34}"
	ProjectSection(ProjectDependencies) = postProject
		{BC0D3283-1519-F7CE-004F-B767FEE4A54C} = {BC0D3283-1519-F7CE-004F-B767FEE4A54C}
	EndProjectSection
EndProject
Project("{8BC9CEB8-8B4A-11D0-8D11-00A0C91BC942}") = "plgrooms", "plgrooms.vcxproj", "{6338701E-77F1-0B7E-C779-F754B9207DFA}"
EndProject
Global
	GlobalSection(SolutionConfigurationPlatforms) = preSolution
		Debug (with DLLs)|Win32 = Debug (with DLLs)|Win32
		Debug (with DLLs)|x64 = Debug (with DLLs)|x64
		Debug (with static libs)|Win32 = Debug (with static libs)|Win32
		Debug (with static libs)|x64 = Debug (with static libs)|x64
		Release (with DLLs)|Win32 = Release (with DLLs)|Win32
		Release (with DLLs)|x64 = Release (with DLLs)|x64
		Release (with static libs)|Win32 = Release (with static libs)|Win32
		Release (with static libs)|x64 = Release (with static libs)|x64
	EndGlobalSection
	GlobalSection(ProjectConfigurationPlatforms) = postSolution
		{E03CB9E2-285E-D00B-3CDC-EA46625DC36F}.Debug (with DLLs)|Win32.ActiveCfg = Debug (with DLLs)|Win32
		{E03CB9E2-285E-D00B-3CDC-EA46625DC36F}.Debug (with DLLs)|Win32.Build.0 = Debug (with DLLs)|Win32
		{E03CB9E2-285E-D00B-3CDC-EA46625DC36F}.Debug (with DLLs)|x64.ActiveCfg = Debug (with DLLs)|x64
		{E03CB9E2-285E-D00B-3CDC-EA46625DC36F}.Debug (with DLLs)|x64.Build.0 = Debug (with DLLs)|x64
		{E03CB9E2-285E-D00B-3CDC-EA46625DC36F}.Debug (with static libs)|Win32.ActiveCfg = Debug (with static libs)|Win32
		{E03CB9E2-285E-D00B-3CDC-EA46625DC36F}.Debug (with static libs)|Win32.Build.0 = Debug (with static libs)|Win32
		{E03CB9E2-285E-D00B-3CDC-EA46625DC36F}.Debug (with static libs)|x64.ActiveCfg = Debug (with static libs)|x64
		{E03CB9E2-285E-D00B-3CDC-EA46625DC36F}.Debug (with static libs)|x64.Build.0 = Debug (with static libs)|x64
		{E03CB9E2-285E-D00B-3CDC-EA46625DC36F}.Release (with DLLs)|Win32.ActiveCfg = Release (with DLLs)|Win32
		{E03CB9E2-285E-D00B-3CDC-EA46625DC36F}.Release (with DLLs)|Win32.Build.0 = Release (with DLLs)|Win32
		{E03CB9E2-285E-D00B-3CDC-EA46625DC36F}.Release (with DLLs)|x64.ActiveCfg = Release (with DLLs)|x64
		{E03CB9E2-285E-D00B-3CDC-EA46625DC36F}.Release (with DLLs)|x64.Build.0 = Release (with DLLs)|x64
		{E03CB9E2-285E-D00B-3CDC-EA46625DC36F}.Release (with static libs)|Win32.ActiveCfg = Release (with static libs)|Win32
		{E03CB9E2-285E-D00B-3CDC-EA46625DC36F}.Release (with static libs)|Win32.Build.0 = Release (with static libs)|Win32
		{E03CB9E2-285E-D00B-3CDC-EA46625DC36F}.Release (with static libs)|x64.ActiveCfg = Release (with static libs)|x64
		{E03CB9E2-285E-D00B-3CDC-EA46625DC36F}.Release (with static libs)|x64.Build.0 = Release (with static libs)|x64
		{7F9EE288-75E9-73D9-CF09-6C0CC81F20E5}.Debug (with DLLs)|Win32.ActiveCfg = Debug (with DLLs)|Win32
		{7F9EE288-75E9-73D9-CF09-6C0CC81F20E5}.Debug (with DLLs)|Win32.Build.0 = Debug (with DLLs)|Win32
		{7F9EE288-75E9-73D9-CF09-6C0CC81F20E5}.Debug (with DLLs)|x64.ActiveCfg = Debug (with DLLs)|x64
		{7F9EE288-75E9-73D9-CF09-6C0CC81F20E5}.Debug (with DLLs)|x64.Build.0 = Debug (with DLLs)|x64
		{7F9EE288-75E9-73D9-CF09-6C0CC81F20E5}.Debug (with static libs)|Win32.ActiveCfg = Debug (with static libs)|Win32
		{7F9EE288-75E9-73D9-CF09-6C0CC81F20E5}.Debug (with static libs)|Win32.Build.0 = Debug (with static libs)|Win32
		{7F9EE288-75E9-73D9-CF09-6C0CC81F20E5}.Debug (with static libs)|x64.ActiveCfg = Debug (with static libs)|x64
		{7F9EE288-75E9-73D9-CF09-6C0CC81F20E5}.Debug (with static libs)|x64.Build.0 = Debug (with static libs)|x64
		{7F9EE288-75E9-73D9-CF09-6C0CC81F20E5}.Release (with DLLs)|Win32.ActiveCfg = Release (with DLLs)|Win32
		{7F9EE288-75E9-73D9-CF09-6C0CC81F20E5}.Release (with DLLs)|Win32.Build.0 = Release (with DLLs)|Win32
		{7F9EE288-75E9-73D9-CF09-6C0CC81F20E5}.Release (with DLLs)|x64.ActiveCfg = Release (with DLLs)|x64
		{7F9EE288-75E9-73D9-CF09-6C0CC81F20E5}.Release (with DLLs)|x64.Build.0 = Release (with DLLs)|x64
		{7F9EE288-75E9-73D9-CF09-6C0CC81F20E5}.Release (with static libs)|Win32.ActiveCfg = Release (with static libs)|Win32
		{7F9EE288-75E9-73D9-CF09-6C0CC81F20E5}.Release (with static libs)|Win32.Build.0 = Release (with static libs)|Win32
		{7F9EE288-75E9-73D9-CF09-6C0CC81F20E5}.Release (with static libs)|x64.ActiveCfg = Release (with static libs)|x64
		{7F9EE288-75E9-73D9-CF09-6C0CC81F20E5}.Release (with static libs)|x64.Build.0 = Release (with static libs)|x64
		{BEA4582D-13CC-716C-235A-FCE389F72A07}.Debug (with DLLs)|Win32.ActiveCfg = Debug (with DLLs)|Win32
		{BEA4582D-13CC-716C-235A-FCE389F72A07}.Debug (with DLLs)|Win32.Build.0 = Debug (with DLLs)|Win32
		{BEA4582D-13CC-716C-235A-FCE389F72A07}.Debug (with DLLs)|x64.ActiveCfg = Debug (with DLLs)|x64
		{BEA4582D-13CC-716C-235A-FCE389F72A07}.Debug (with DLLs)|x64.Build.0 = Debug (with DLLs)|x64
		{BEA4582D-13CC-716C-235A-FCE389F72A07}.Debug (with static libs)|Win32.ActiveCfg = Debug (with static libs)|Win32
		{BEA4582D-13CC-716C-235A-FCE389F72A07}.Debug (with static libs)|Win32.Build.0 = Debug (with static libs)|Win32
		{BEA4582D-13CC-716C-235A-FCE389F72A07}.Debug (with static libs)|x64.ActiveCfg = Debug (with static libs)|x64
		{BEA4582D-13CC-716C-235A-FCE389F72A07}.Debug (with static libs)|x64.Build.0 = Debug (with static libs)|x64
		{BEA4582D-13CC-716C-235A-FCE389F72A07}.Release (with DLLs)|Win32.ActiveCfg = Release (with DLLs)|Win32
		{BEA4582D-13CC-716C-235A-FCE389F72A07}.Release (with DLLs)|Win32.Build.0 = Release (with DLLs)|Win32
		{BEA4582D-13CC-716C-235A-FCE389F72A07}.Release (with DLLs)|x64.ActiveCfg = Release (with DLLs)|x64
		{BEA4582D-13CC-716C-235A-FCE389F72A07}.Release (with DLLs)|x64.Build.0 = Release (with DLLs)|x64
		{BEA4582D-13CC-716C-235A-FCE389F72A07}.Release (with static libs)|Win32.ActiveCfg = Release (with static libs)|Win32
		{BEA4582D-13CC-716C-235A-FCE389F72A07}.Release (with static libs)|Win32.Build.0 = Release (with static libs)|Win32
		{BEA4582D-13CC-716C-235A-FCE389F72A07}.Release (with static libs)|x64.ActiveCfg = Release (with static libs)|x64
		{BEA4582D-13CC-716C-235A-FCE389F72A07}.Release (with static libs)|x64.Build.0 = Release (with static libs)|x64
		{AC865C35-BFBE-FC89-B970-45FE8DCF02ED}.Debug (with DLLs)|Win32.ActiveCfg = Debug (with DLLs)|Win32
		{AC865C35-BFBE-FC89-B970-45FE8DCF02ED}.Debug (with DLLs)|Win32.Build.0 = Debug (with DLLs)|Win32
		{AC865C35-BFBE-FC89-B970-45FE8DCF02ED}.Debug (with DLLs)|x64.ActiveCfg = Debug (with DLLs)|x64
		{AC865C35-BFBE-FC89-B970-45FE8DCF02ED}.Debug (with DLLs)|x64.Build.0 = Debug (with DLLs)|x64
		{AC865C35-BFBE-FC89-B970-45FE8DCF02ED}.Debug (with static libs)|Win32.ActiveCfg = Debug (with static libs)|Win32
		{AC865C35-BFBE-FC89-B970-45FE8DCF02ED}.Debug (with static libs)|Win32.Build.0 = Debug (with static libs)|Win32
		{AC865C35-BFBE-FC89-B970-45FE8DCF02ED}.Debug (with static libs)|x64.ActiveCfg = Debug (with static libs)|x64
		{AC865C35-BFBE-FC89-B970-45FE8DCF02ED}.Debug (with static libs)|x64.Build.0 = Debug (with static libs)|x64
		{AC865C35-BFBE-FC89-B970-45FE8DCF02ED}.Release (with DLLs)|Win32.ActiveCfg = Release (with DLLs)|Win32
		{AC865C35-BFBE-FC89-B970-45FE8DCF02ED}.Release (with DLLs)|Win32.Build.0 = Release (with DLLs)|Win32
		{AC865C35-BFBE-FC89-B970-45FE8DCF02ED}.Release (with DLLs)|x64.ActiveCfg = Release (with DLLs)|x64
		{AC865C35-BFBE-FC89-B970-45FE8DCF02ED}.Release (with DLLs)|x64.Build.0 = Release (with DLLs)|x64
		{AC865C35-BFBE-FC89-B970-45FE8DCF02ED}.Release (with static libs)|Win32.ActiveCfg = Release (with static libs)|Win32
		{AC865C35-BFBE-FC89-B970-45FE8DCF02ED}.Release (with static libs)|Win32.Build.0 = Release (with static libs)|Win32
		{AC865C35-BFBE-FC89-B970-45FE8DCF02ED}.Release (with static libs)|x64.ActiveCfg = Release (with static libs)|x64
		{AC865C35-BFBE-FC89-B970-45FE8DCF02ED}.Release (with static libs)|x64.Build.0 = Release (with static libs)|x64
		{959F6EB5-8F83-8A07-4DB3-E328DE5F7103}.Debug (with DLLs)|Win32.ActiveCfg = Debug (with DLLs)|Win32
		{959F6EB5-8F83-8A07-4DB3-E328DE5F7103}.Debug (with DLLs)|Win32.Build.0 = Debug (with DLLs)|Win32
		{959F6EB5-8F83-8A07-4DB3-E328DE5F7103}.Debug (with DLLs)|x64.ActiveCfg = Debug (with DLLs)|x64
		{959F6EB5-8F83-8A07-4DB3-E328DE5F7103}.Debug (with DLLs)|x64.Build.0 = Debug (with DLLs)|x64
		{959F6EB5-8F83-8A07-4DB3-E328DE5F7103}.Debug (with static libs)|Win32.ActiveCfg = Debug (with static libs)|Win32
		{959F6EB5-8F83-8A07-4DB3-E328DE5F7103}.Debug (with static libs)|Win32.Build.0 = Debug (with static libs)|Win32
		{959F6EB5-8F83-8A07-4DB3-E328DE5F7103}.Debug (with static libs)|x64.ActiveCfg = Debug (with static libs)|x64
		{959F6EB5-8F83-8A07-4DB3-E328DE5F7103}.Debug (with static libs)|x64.Build.0 = Debug (with static libs)|x64
		{959F6EB5-8F83-8A07-4DB3-E328DE5F7103}.Release (with DLLs)|Win32.ActiveCfg = Release (with DLLs)|Win32
		{959F6EB5-8F83-8A07-4DB3-E328DE5F7103}.Release (with DLLs)|Win32.Build.0 = Release (with DLLs)|Win32
		{959F6EB5-8F83-8A07-4DB3-E328DE5F7103}.Release (with DLLs)|x64.ActiveCfg = Release (with DLLs)|x64
		{959F6EB5-8F83-8A07-4DB3-E328DE5F7103}.Release (with DLLs)|x64.Build.0 = Release (with DLLs)|x64
		{959F6EB5-8F83-8A07-4DB3-E328DE5F7103}.Release (with static libs)|Win32.ActiveCfg = Release (with static libs)|Win32
		{959F6EB5-8F83-8A07-4DB3-E328DE5F7103}.Release (with static libs)|Win32.Build.0 = Release (with static libs)|Win32
		{959F6EB5-8F83-8A07-4DB3-E328DE5F7103}.Release (with static libs)|x64.ActiveCfg = Release (with static libs)|x64
		{959F6EB5-8F83-8A07-4DB3-E328DE5F7103}.Release (with static libs)|x64.Build.0 = Release (with static libs)|x64
		{9D292F78-D389-D620-A016-442A680D3F9E}.Debug (with DLLs)|Win32.ActiveCfg = Debug (with DLLs)|Win32
		{9D292F78-D389-D620-A016-442A680D3F9E}.Debug (with DLLs)|Win32.Build.0 = Debug (with DLLs)|Win32
		{9D292F78-D389-D620-A016-442A680D3F9E}.Debug (with DLLs)|x64.ActiveCfg = Debug (with DLLs)|x64
		{9D292F78-D389-D620-A016-442A680D3F9E}.Debug (with DLLs)|x64.Build.0 = Debug (with DLLs)|x64
		{9D292F78-D389-D620-A016-442A680D3F9E}.Debug (with static libs)|Win32.ActiveCfg = Debug (with static libs)|Win32
		{9D292F78-D389-D620-A016-442A680D3F9E}.Debug (with static libs)|Win32.Build.0 = Debug (with static libs)|Win32
		{9D292F78-D389-D620-A016-442A680D3F9E}.Debug (with static libs)|x64.ActiveCfg = Debug (with static libs)|x64
		{9D292F78-D389-D620-A016-442A680D3F9E}.Debug (with static libs)|x64.Build.0 = Debug (with static libs)|x64
		{9D292F78-D389-D620-A016-442A680D3F9E}.Release (with DLLs)|Win32.ActiveCfg = Release (with DLLs)|Win32
		{9D292F78-D389-D620-A016-442A680D3F9E}.Release (with DLLs)|Win32.Build.0 = Release (with DLLs)|Win32
		{9D292F78-D389-D620-A016-442A680D3F9E}.Release (with DLLs)|x64.ActiveCfg = Release (with DLLs)|x64
		{9D292F78-D389-D620-A016-442A680D3F9E}.Release (with DLLs)|x64.Build.0 = Release (with DLLs)|x64
		{9D292F78-D389-D620-A016-442A680D3F9E}.Release (with static libs)|Win32.ActiveCfg = Release (with static libs)|Win32
		{9D292F78-D389-D620-A016-442A680D3F9E}.Release (with static libs)|Win32.Build.0 = Release (with static libs)|Win32
		{9D292F78-D389-D620-A016-442A680D3F9E}.Release (with static libs)|x64.ActiveCfg = Release (with static libs)|x64
		{9D292F78-D389-D620-A016-442A680D3F9E}.Release (with static libs)|x64.Build.0 = Release (with static libs)|x64
		{5C8586A7-529C-7B0C-0178-3BEFF934F30B}.Debug (with DLLs)|Win32.ActiveCfg = Debug (with DLLs)|Win32
		{5C8586A7-529C-7B0C-0178-3BEFF934F30B}.Debug (with DLLs)|Win32.Build.0 = Debug (with DLLs)|Win32
		{5C8586A7-529C-7B0C-0178-3BEFF934F30B}.Debug (with DLLs)|x64.ActiveCfg = Debug (with DLLs)|x64
		{5C8586A7-529C-7B0C-0178-3BEFF934F30B}.Debug (with DLLs)|x64.Build.0 = Debug (with DLLs)|x64
		{5C8586A7-529C-7B0C-0178-3BEFF934F30B}.Debug (with static libs)|Win32.ActiveCfg = Debug (with static libs)|Win32
		{5C8586A7-529C-7B0C-0178-3BEFF934F30B}.Debug (with static libs)|Win32.Build.0 = Debug (with static libs)|Win32
		{5C8586A7-529C-7B0C-0178-3BEFF934F30B}.Debug (with static libs)|x64.ActiveCfg = Debug (with static libs)|x64
		{5C8586A7-529C-7B0C-0178-3BEFF934F30B}.Debug (with static libs)|x64.Build.0 = Debug (with static libs)|x64
		{5C8586A7-529C-7B0C-0178-3BEFF934F30B}.Release (with DLLs)|Win32.ActiveCfg = Release (with DLLs)|Win32
		{5C8586A7-529C-7B0C-0178-3BEFF934F30B}.Release (with DLLs)|Win32.Build.0 = Release (with DLLs)|Win32
		{5C8586A7-529C-7B0C-0178-3BEFF934F30B}.Release (with DLLs)|x64.ActiveCfg = Release (with DLLs)|x64
		{5C8586A7-529C-7B0C-0178-3BEFF934F30B}.Release (with DLLs)|x64.Build.0 = Release (with DLLs)|x64
		{5C8586A7-529C-7B0C-0178-3BEFF934F30B}.Release (with static libs)|Win32.ActiveCfg = Release (with static libs)|Win32
		{5C8586A7-529C-7B0C-0178-3BEFF934F30B}.Release (with static libs)|Win32.Build.0 = Release (with static libs)|Win32
		{5C8586A7-529C-7B0C-0178-3BEFF934F30B}.Release (with static libs)|x64.ActiveCfg = Release (with static libs)|x64
		{5C8586A7-529C-7B0C-0178-3BEFF934F30B}.Release (with static libs)|x64.Build.0 = Release (with static libs)|x64
		{BC0D3283-1519-F7CE-004F-B767FEE4A54C}.Debug (with DLLs)|Win32.ActiveCfg = Debug (with DLLs)|Win32
		{BC0D3283-1519-F7CE-004F-B767FEE4A54C}.Debug (with DLLs)|Win32.Build.0 = Debug (with DLLs)|Win32
		{BC0D3283-1519-F7CE-004F-B767FEE4A54C}.Debug (with DLLs)|x64.ActiveCfg = Debug (with DLLs)|x64
		{BC0D3283-1519-F7CE-004F-B767FEE4A54C}.Debug (with DLLs)|x64.Build.0 = Debug (with DLLs)|x64
		{BC0D3283-1519-F7CE-004F-B767FEE4A54C}.Debug (with static libs)|Win32.ActiveCfg = Debug (with static libs)|Win32
		{BC0D3283-1519-F7CE-004F-B767FEE4A54C}.Debug (with static libs)|Win32.Build.0 = Debug (with static libs)|Win32
		{BC0D3283-1519-F7CE-004F-B767FEE4A54C}.Debug (with static libs)|x64.ActiveCfg = Debug (with static libs)|x64
		{BC0D3283-1519-F7CE-004F-B767FEE4A54C}.Debug (with static libs)|x64.Build.0 = Debug (with static libs)|x64
		{BC0D3283-1519-F7CE-004F-B767FEE4A54C}.Release (with DLLs)|Win32.ActiveCfg = Release (with DLLs)|Win32
		{BC0D3283-1519-F7CE-004F-B767FEE4A54C}.Release (with DLLs)|Win32.Build.0 = Release (with DLLs)|Win32
		{BC0D3283-1519-F7CE-004F-B767FEE4A54C}.Release (with DLLs)|x64.ActiveCfg = Release (with DLLs)|x64
		{BC0D3283-1519-F7CE-004F-B767FEE4A54C}.Release (with DLLs)|x64.Build.0 = Release (with DLLs)|x64
		{BC0D3283-1519-F7CE-004F-B767FEE4A54C}.Release (with static libs)|Win32.ActiveCfg = Release (with static libs)|Win32
		{BC0D3283-1519-F7CE-004F-B767FEE4A54C}.Release (with static libs)|Win32.Build.0 = Release (with static libs)|Win32
		{BC0D3283-1519-F7CE-004F-B767FEE4A54C}.Release (with static libs)|x64.ActiveCfg = Release (with static libs)|x64
		{BC0D3283-1519-F7CE-004F-B767FEE4A54C}.Release (with static libs)|x64.Build.0 = Release (with static libs)|x64
		{48BAD99A-4048-14FF-4C9C-2E7509AA368B}.Debug (with DLLs)|Win32.ActiveCfg = Debug (with DLLs)|Win32
		{48BAD99A-4048-14FF-4C9C-2E7509AA368B}.Debug (with DLLs)|Win32.Build.0 = Debug (with DLLs)|Win32
		{48BAD99A-4048-14FF-4C9C-2E7509AA368B}.Debug (with DLLs)|x64.ActiveCfg = Debug (with DLLs)|x64
		{48BAD99A-4048-14FF-4C9C-2E7509AA368B}.Debug (with DLLs)|x64.Build.0 = Debug (with DLLs)|x64
		{48BAD99A-4048-14FF-4C9C-2E7509AA368B}.Debug (with static libs)|Win32.ActiveCfg = Debug (with static libs)|Win32
		{48BAD99A-4048-14FF-4C9C-2E7509AA368B}.Debug (with static libs)|Win32.Build.0 = Debug (with static libs)|Win32
		{48BAD99A-4048-14FF-4C9C-2E7509AA368B}.Debug (with static libs)|x64.ActiveCfg = Debug (with static libs)|x64
		{48BAD99A-4048-14FF-4C9C-2E7509AA368B}.Debug (with static libs)|x64.Build.0 = Debug (with static libs)|x64
		{48BAD99A-4048-14FF-4C9C-2E7509AA368B}.Release (with DLLs)|Win32.ActiveCfg = Release (with DLLs)|Win32
		{48BAD99A-4048-14FF-4C9C-2E7509AA368B}.Release (with DLLs)|Win32.Build.0 = Release (with DLLs)|Win32
		{48BAD99A-4048-14FF-4C9C-2E7509AA368B}.Release (with DLLs)|x64.ActiveCfg = Release (with DLLs)|x64
		{48BAD99A-4048-14FF-4C9C-2E7509AA368B}.Release (with DLLs)|x64.Build.0 = Release (with DLLs)|x64
		{48BAD99A-4048-14FF-4C9C-2E7509AA368B}.Release (with static libs)|Win32.ActiveCfg = Release (with static libs)|Win32
		{48BAD99A-4048-14FF-4C9C-2E7509AA368B}.Release (with static libs)|Win32.Build.0 = Release (with static libs)|Win32
		{48BAD99A-4048-14FF-4C9C-2E7509AA368B}.Release (with static libs)|x64.ActiveCfg = Release (with static libs)|x64
		{48BAD99A-4048-14FF-4C9C-2E7509AA368B}.Release (with static libs)|x64.Build.0 = Release (with static libs)|x64
		{F4B0AAAC-3A4D-0734-D247-6E8EA481E81D}.Debug (with DLLs)|Win32.ActiveCfg = Debug (with DLLs)|Win32
		{F4B0AAAC-3A4D-0734-D247-6E8EA481E81D}.Debug (with DLLs)|Win32.Build.0 = Debug (with DLLs)|Win32
		{F4B0AAAC-3A4D-0734-D247-6E8EA481E81D}.Debug (with DLLs)|x64.ActiveCfg = Debug (with DLLs)|x64
		{F4B0AAAC-3A4D-0734-D247-6E8EA481E81D}.Debug (with DLLs)|x64.Build.0 = Debug (with DLLs)|x64
		{F4B0AAAC-3A4D-0734-D247-6E8EA481E81D}.Debug (with static libs)|Win32.ActiveCfg = Debug (with static libs)|Win32
		{F4B0AAAC-3A4D-0734-D247-6E8EA481E81D}.Debug (with static libs)|Win32.Build.0 = Debug (with static libs)|Win32
		{F4B0AAAC-3A4D-0734-D247-6E8EA481E81D}.Debug (with static libs)|x64.ActiveCfg = Debug (with static libs)|x64
		{F4B0AAAC-3A4D-0734-D247-6E8EA481E81D}.Debug (with static libs)|x64.Build.0 = Debug (with static libs)|x64
		{F4B0AAAC-3A4D-0734-D247-6E8EA481E81D}.Release (with DLLs)|Win32.ActiveCfg = Release (with DLLs)|Win32
		{F4B0AAAC-3A4D-0734-D247-6E8EA481E81D}.Release (with DLLs)|Win32.Build.0 = Release (with DLLs)|Win32
		{F4B0AAAC-3A4D-0734-D247-6E8EA481E81D}.Release (with DLLs)|x64.ActiveCfg = Release (with DLLs)|x64
		{F4B0AAAC-3A4D-0734-D247-6E8EA481E81D}.Release (with DLLs)|x64.Build.0 = Release (with DLLs)|x64
		{F4B0AAAC-3A4D-0734-D247-6E8EA481E81D}.Release (with static libs)|Win32.ActiveCfg = Release (with static libs)|Win32
		{F4B0AAAC-3A4D-0734-D247-6E8EA481E81D}.Release (with static libs)|Win32.Build.0 = Release (with static libs)|Win32
		{F4B0AAAC-3A4D-0734-D247-6E8EA481E81D}.Release (with static libs)|x64.ActiveCfg = Release (with static libs)|x64
		{F4B0AAAC-3A4D-0734-D247-6E8EA481E81D}.Release (with static libs)|x64.Build.0 = Release (with static libs)|x64
		{DDE460DD-0A77-1C46-BF3C-50029F813622}.Debug (with DLLs)|Win32.ActiveCfg = Debug (with DLLs)|Win32
		{DDE460DD-0A77-1C46-BF3C-50029F813622}.Debug (with DLLs)|Win32.Build.0 = Debug (with DLLs)|Win32
		{DDE460DD-0A77-1C46-BF3C-50029F813622}.Debug (with DLLs)|x64.ActiveCfg = Debug (with DLLs)|x64
		{DDE460DD-0A77-1C46-BF3C-50029F813622}.Debug (with DLLs)|x64.Build.0 = Debug (with DLLs)|x64
		{DDE460DD-0A77-1C46-BF3C-50029F813622}.Debug (with static libs)|Win32.ActiveCfg = Debug (with static libs)|Win32
		{DDE460DD-0A77-1C46-BF3C-50029F813622}.Debug (with static libs)|Win32.Build.0 = Debug (with static libs)|Win32
		{DDE460DD-0A77-1C46-BF3C-50029F813622}.Debug (with static libs)|x64.ActiveCfg = Debug (with static libs)|x64
		{DDE460DD-0A77-1C46-BF3C-50029F813622}.Debug (with static libs)|x64.Build.0 = Debug (with static libs)|x64
		{DDE460DD-0A77-1C46-BF3C-50029F813622}.Release (with DLLs)|Win32.ActiveCfg = Release (with DLLs)|Win32
		{DDE460DD-0A77-1C46-BF3C-50029F813622}.Release (with DLLs)|Win32.Build.0 = Release (with DLLs)|Win32
		{DDE460DD-0A77-1C46-BF3C-50029F813622}.Release (with DLLs)|x64.ActiveCfg = Release (with DLLs)|x64
		{DDE460DD-0A77-1C46-BF3C-50029F813622}.Release (with DLLs)|x64.Build.0 = Release (with DLLs)|x64
		{DDE460DD-0A77-1C46-BF3C-50029F813622}.Release (with static libs)|Win32.ActiveCfg = Release (with static libs)|Win32
		{DDE460DD-0A77-1C46-BF3C-50029F813622}.Release (with static libs)|Win32.Build.0 = Release (with static libs)|Win32
		{DDE460DD-0A77-1C46-BF3C-50029F813622}.Release (with static libs)|x64.ActiveCfg = Release (with static libs)|x64
		{DDE460DD-0A77-1C46-BF3C-50029F813622}.Release (with static libs)|x64.Build.0 = Release (with static libs)|x64
		{CAF95EE0-CD20-AEC5-8418-F506ABAAC564}.Debug (with DLLs)|Win32.ActiveCfg = Debug (with DLLs)|Win32
		{CAF95EE0-CD20-AEC5-8418-F506ABAAC564}.Debug (with DLLs)|Win32.Build.0 = Debug (with DLLs)|Win32
		{CAF95EE0-CD20-AEC5-8418-F506ABAAC564}.Debug (with DLLs)|x64.ActiveCfg = Debug (with DLLs)|x64
		{CAF95EE0-CD20-AEC5-8418-F506ABAAC564}.Debug (with DLLs)|x64.Build.0 = Debug (with DLLs)|x64
		{CAF95EE0-CD20-AEC5-8418-F506ABAAC564}.Debug (with static libs)|Win32.ActiveCfg = Debug (with static libs)|Win32
		{CAF95EE0-CD20-AEC5-8418-F506ABAAC564}.Debug (with static libs)|Win32.Build.0 = Debug (with static libs)|Win32
		{CAF95EE0-CD20-AEC5-8418-F506ABAAC564}.Debug (with static libs)|x64.ActiveCfg = Debug (with static libs)|x64
		{CAF95EE0-CD20-AEC5-8418-F506ABAAC564}.Debug (with static libs)|x64.Build.0 = Debug (with static libs)|x64
		{CAF95EE0-CD20-AEC5-8418-F506ABAAC564}.Release (with DLLs)|Win32.ActiveCfg = Release (with DLLs)|Win32
		{CAF95EE0-CD20-AEC5-8418-F506ABAAC564}.Release (with DLLs)|Win32.Build.0 = Release (with DLLs)|Win32
		{CAF95EE0-CD20-AEC5-8418-F506ABAAC564}.Release (with DLLs)|x64.ActiveCfg = Release (with DLLs)|x64
		{CAF95EE0-CD20-AEC5-8418-F506ABAAC564}.Release (with DLLs)|x64.Build.0 = Release (with DLLs)|x64
		{CAF95EE0-CD20-AEC5-8418-F506ABAAC564}.Release (with static libs)|Win32.ActiveCfg = Release (with static libs)|Win32
		{CAF95EE0-CD20-AEC5-8418-F506ABAAC564}.Release (with static libs)|Win32.Build.0 = Release (with static libs)|Win32
		{CAF95EE0-CD20-AEC5-8418-F506ABAAC564}.Release (with static libs)|x64.ActiveCfg = Release (with static libs)|x64
		{CAF95EE0-CD20-AEC5-8418-F506ABAAC564}.Release (with static libs)|x64.Build.0 = Release (with static libs)|x64
		{3A3271CB-B438-2D5E-EDF6-FC8BFFCF0B6F}.Debug (with DLLs)|Win32.ActiveCfg = Debug (with DLLs)|Win32
		{3A3271CB-B438-2D5E-EDF6-FC8BFFCF0B6F}.Debug (with DLLs)|Win32.Build.0 = Debug (with DLLs)|Win32
		{3A3271CB-B438-2D5E-EDF6-FC8BFFCF0B6F}.Debug (with DLLs)|x64.ActiveCfg = Debug (with DLLs)|x64
		{3A3271CB-B438-2D5E-EDF6-FC8BFFCF0B6F}.Debug (with DLLs)|x64.Build.0 = Debug (with DLLs)|x64
		{3A3271CB-B438-2D5E-EDF6-FC8BFFCF0B6F}.Debug (with static libs)|Win32.ActiveCfg = Debug (with static libs)|Win32
		{3A3271CB-B438-2D5E-EDF6-FC8BFFCF0B6F}.Debug (with static libs)|Win32.Build.0 = Debug (with static libs)|Win32
		{3A3271CB-B438-2D5E-EDF6-FC8BFFCF0B6F}.Debug (with static libs)|x64.ActiveCfg = Debug (with static libs)|x64
		{3A3271CB-B438-2D5E-EDF6-FC8BFFCF0B6F}.Debug (with static libs)|x64.Build.0 = Debug (with static libs)|x64
		{3A3271CB-B438-2D5E-EDF6-FC8BFFCF0B6F}.Release (with DLLs)|Win32.ActiveCfg = Release (with DLLs)|Win32
		{3A3271CB-B438-2D5E-EDF6-FC8BFFCF0B6F}.Release (with DLLs)|Win32.Build.0 = Release (with DLLs)|Win32
		{3A3271CB-B438-2D5E-EDF6-FC8BFFCF0B6F}.Release (with DLLs)|x64.ActiveCfg = Release (with DLLs)|x64
		{3A3271CB-B438-2D5E-EDF6-FC8BFFCF0B6F}.Release (with DLLs)|x64.Build.0 = Release (with DLLs)|x64
		{3A3271CB-B438-2D5E-EDF6-FC8BFFCF0B6F}.Release (with static libs)|Win32.ActiveCfg = Release (with static libs)|Win32
		{3A3271CB-B438-2D5E-EDF6-FC8BFFCF0B6F}.Release (with static libs)|Win32.Build.0 = Release (with static libs)|Win32
		{3A3271CB-B438-2D5E-EDF6-FC8BFFCF0B6F}.Release (with static libs)|x64.ActiveCfg = Release (with static libs)|x64
		{3A3271CB-B438-2D5E-EDF6-FC8BFFCF0B6F}.Release (with static libs)|x64.Build.0 = Release (with static libs)|x64
		{3C0EEE4B-B894-8F68-C2FF-DABCA539072F}.Debug (with DLLs)|Win32.ActiveCfg = Debug (with DLLs)|Win32
		{3C0EEE4B-B894-8F68-C2FF-DABCA539072F}.Debug (with DLLs)|Win32.Build.0 = Debug (with DLLs)|Win32
		{3C0EEE4B-B894-8F68-C2FF-DABCA539072F}.Debug (with DLLs)|x64.ActiveCfg = Debug (with DLLs)|x64
		{3C0EEE4B-B894-8F68-C2FF-DABCA539072F}.Debug (with DLLs)|x64.Build.0 = Debug (with DLLs)|x64
		{3C0EEE4B-B894-8F68-C2FF-DABCA539072F}.Debug (with static libs)|Win32.ActiveCfg = Debug (with static libs)|Win32
		{3C0EEE4B-B894-8F68-C2FF-DABCA539072F}.Debug (with static libs)|Win32.Build.0 = Debug (with static libs)|Win32
		{3C0EEE4B-B894-8F68-C2FF-DABCA539072F}.Debug (with static libs)|x64.ActiveCfg = Debug (with static libs)|x64
		{3C0EEE4B-B894-8F68-C2FF-DABCA539072F}.Debug (with static libs)|x64.Build.0 = Debug (with static libs)|x64
		{3C0EEE4B-B894-8F68-C2FF-DABCA539072F}.Release (with DLLs)|Win32.ActiveCfg = Release (with DLLs)|Win32
		{3C0EEE4B-B894-8F68-C2FF-DABCA539072F}.Release (with DLLs)|Win32.Build.0 = Release (with DLLs)|Win32
		{3C0EEE4B-B894-8F68-C2FF-DABCA539072F}.Release (with DLLs)|x64.ActiveCfg = Release (with DLLs)|x64
		{3C0EEE4B-B894-8F68-C2FF-DABCA539072F}.Release (with DLLs)|x64.Build.0 = Release (with DLLs)|x64
		{3C0EEE4B-B894-8F68-C2FF-DABCA539072F}.Release (with static libs)|Win32.ActiveCfg = Release (with static libs)|Win32
		{3C0EEE4B-B894-8F68-C2FF-DABCA539072F}.Release (with static libs)|Win32.Build.0 = Release (with static libs)|Win32
		{3C0EEE4B-B894-8F68-C2FF-DABCA539072F}.Release (with static libs)|x64.ActiveCfg = Release (with static libs)|x64
		{3C0EEE4B-B894-8F68-C2FF-DABCA539072F}.Release (with static libs)|x64.Build.0 = Release (with static libs)|x64
		{E51E79E0-A706-4A4A-1725-FF8ED7F87C08}.Debug (with DLLs)|Win32.ActiveCfg = Debug (with DLLs)|Win32
		{E51E79E0-A706-4A4A-1725-FF8ED7F87C08}.Debug (with DLLs)|Win32.Build.0 = Debug (with DLLs)|Win32
		{E51E79E0-A706-4A4A-1725-FF8ED7F87C08}.Debug (with DLLs)|x64.ActiveCfg = Debug (with DLLs)|x64
		{E51E79E0-A706-4A4A-1725-FF8ED7F87C08}.Debug (with DLLs)|x64.Build.0 = Debug (with DLLs)|x64
		{E51E79E0-A706-4A4A-1725-FF8ED7F87C08}.Debug (with static libs)|Win32.ActiveCfg = Debug (with static libs)|Win32
		{E51E79E0-A706-4A4A-1725-FF8ED7F87C08}.Debug (with static libs)|Win32.Build.0 = Debug (with static libs)|Win32
		{E51E79E0-A706-4A4A-1725-FF8ED7F87C08}.Debug (with static libs)|x64.ActiveCfg = Debug (with static libs)|x64
		{E51E79E0-A706-4A4A-1725-FF8ED7F87C08}.Debug (with static libs)|x64.Build.0 = Debug (with static libs)|x64
		{E51E79E0-A706-4A4A-1725-FF8ED7F87C08}.Release (with DLLs)|Win32.ActiveCfg = Release (with DLLs)|Win32
		{E51E79E0-A706-4A4A-1725-FF8ED7F87C08}.Release (with DLLs)|Win32.Build.0 = Release (with DLLs)|Win32
		{E51E79E0-A706-4A4A-1725-FF8ED7F87C08}.Release (with DLLs)|x64.ActiveCfg = Release (with DLLs)|x64
		{E51E79E0-A706-4A4A-1725-FF8ED7F87C08}.Release (with DLLs)|x64.Build.0 = Release (with DLLs)|x64
		{E51E79E0-A706-4A4A-1725-FF8ED7F87C08}.Release (with static libs)|Win32.ActiveCfg = Release (with static libs)|Win32
		{E51E79E0-A706-4A4A-1725-FF8ED7F87C08}.Release (with static libs)|Win32.Build.0 = Release (with static libs)|Win32
		{E51E79E0-A706-4A4A-1725-FF8ED7F87C08}.Release (with static libs)|x64.ActiveCfg = Release (with static libs)|x64
		{E51E79E0-A706-4A4A-1725-FF8ED7F87C08}.Release (with static libs)|x64.Build.0 = Release (with static libs)|x64
		{03FAA378-10D2-00B9-EED7-3C4CD09B177F}.Debug (with DLLs)|Win32.ActiveCfg = Debug (with DLLs)|Win32
		{03FAA378-10D2-00B9-EED7-3C4CD09B177F}.Debug (with DLLs)|Win32.Build.0 = Debug (with DLLs)|Win32
		{03FAA378-10D2-00B9-EED7-3C4CD09B177F}.Debug (with DLLs)|x64.ActiveCfg = Debug (with DLLs)|x64
		{03FAA378-10D2-00B9-EED7-3C4CD09B177F}.Debug (with DLLs)|x64.Build.0 = Debug (with DLLs)|x64
		{03FAA378-10D2-00B9-EED7-3C4CD09B177F}.Debug (with static libs)|Win32.ActiveCfg = Debug (with static libs)|Win32
		{03FAA378-10D2-00B9-EED7-3C4CD09B177F}.Debug (with static libs)|Win32.Build.0 = Debug (with static libs)|Win32
		{03FAA378-10D2-00B9-EED7-3C4CD09B177F}.Debug (with static libs)|x64.ActiveCfg = Debug (with static libs)|x64
		{03FAA378-10D2-00B9-EED7-3C4CD09B177F}.Debug (with static libs)|x64.Build.0 = Debug (with static libs)|x64
		{03FAA378-10D2-00B9-EED7-3C4CD09B177F}.Release (with DLLs)|Win32.ActiveCfg = Release (with DLLs)|Win32
		{03FAA378-10D2-00B9-EED7-3C4CD09B177F}.Release (with DLLs)|Win32.Build.0 = Release (with DLLs)|Win32
		{03FAA378-10D2-00B9-EED7-3C4CD09B177F}.Release (with DLLs)|x64.ActiveCfg = Release (with DLLs)|x64
		{03FAA378-10D2-00B9-EED7-3C4CD09B177F}.Release (with DLLs)|x64.Build.0 = Release (with DLLs)|x64
		{03FAA378-10D2-00B9-EED7-3C4CD09B177F}.Release (with static libs)|Win32.ActiveCfg = Release (with static libs)|Win32
		{03FAA378-10D2-00B9-EED7-3C4CD09B177F}.Release (with static libs)|Win32.Build.0 = Release (with static libs)|Win32
		{03FAA378-10D2-00B9-EED7-3C4CD09B177F}.Release (with static libs)|x64.ActiveCfg = Release (with static libs)|x64
		{03FAA378-10D2-00B9-EED7-3C4CD09B177F}.Release (with static libs)|x64.Build.0 = Release (with static libs)|x64
		{88E5AE79-E145-EF03-D89A-2B38BF858EE0}.Debug (with DLLs)|Win32.ActiveCfg = Debug (with DLLs)|Win32
		{88E5AE79-E145-EF03-D89A-2B38BF858EE0}.Debug (with DLLs)|Win32.Build.0 = Debug (with DLLs)|Win32
		{88E5AE79-E145-EF03-D89A-2B38BF858EE0}.Debug (with DLLs)|x64.ActiveCfg = Debug (with DLLs)|x64
		{88E5AE79-E145-EF03-D89A-2B38BF858EE0}.Debug (with DLLs)|x64.Build.0 = Debug (with DLLs)|x64
		{88E5AE79-E145-EF03-D89A-2B38BF858EE0}.Debug (with static libs)|Win32.ActiveCfg = Debug (with static libs)|Win32
		{88E5AE79-E145-EF03-D89A-2B38BF858EE0}.Debug (with static libs)|Win32.Build.0 = Debug (with static libs)|Win32
		{88E5AE79-E145-EF03-D89A-2B38BF858EE0}.Debug (with static libs)|x64.ActiveCfg = Debug (with static libs)|x64
		{88E5AE79-E145-EF03-D89A-2B38BF858EE0}.Debug (with static libs)|x64.Build.0 = Debug (with static libs)|x64
		{88E5AE79-E145-EF03-D89A-2B38BF858EE0}.Release (with DLLs)|Win32.ActiveCfg = Release (with DLLs)|Win32
		{88E5AE79-E145-EF03-D89A-2B38BF858EE0}.Release (with DLLs)|Win32.Build.0 = Release (with DLLs)|Win32
		{88E5AE79-E145-EF03-D89A-2B38BF858EE0}.Release (with DLLs)|x64.ActiveCfg = Release (with DLLs)|x64
		{88E5AE79-E145-EF03-D89A-2B38BF858EE0}.Release (with DLLs)|x64.Build.0 = Release (with DLLs)|x64
		{88E5AE79-E145-EF03-D89A-2B38BF858EE0}.Release (with static libs)|Win32.ActiveCfg = Release (with static libs)|Win32
		{88E5AE79-E145-EF03-D89A-2B38BF858EE0}.Release (with static libs)|Win32.Build.0 = Release (with static libs)|Win32
		{88E5AE79-E145-EF03-D89A-2B38BF858EE0}.Release (with static libs)|x64.ActiveCfg = Release (with static libs)|x64
		{88E5AE79-E145-EF03-D89A-2B38BF858EE0}.Release (with static libs)|x64.Build.0 = Release (with static libs)|x64
		{89FF1EE7-2C1A-CC80-C11F-17C44E7A2E56}.Debug (with DLLs)|Win32.ActiveCfg = Debug (with DLLs)|Win32
		{89FF1EE7-2C1A-CC80-C11F-17C44E7A2E56}.Debug (with DLLs)|Win32.Build.0 = Debug (with DLLs)|Win32
		{89FF1EE7-2C1A-CC80-C11F-17C44E7A2E56}.Debug (with DLLs)|x64.ActiveCfg = Debug (with DLLs)|x64
		{89FF1EE7-2C1A-CC80-C11F-17C44E7A2E56}.Debug (with DLLs)|x64.Build.0 = Debug (with DLLs)|x64
		{89FF1EE7-2C1A-CC80-C11F-17C44E7A2E56}.Debug (with static libs)|Win32.ActiveCfg = Debug (with static libs)|Win32
		{89FF1EE7-2C1A-CC80-C11F-17C44E7A2E56}.Debug (with static libs)|Win32.Build.0 = Debug (with static libs)|Win32
		{89FF1EE7-2C1A-CC80-C11F-17C44E7A2E56}.Debug (with static libs)|x64.ActiveCfg = Debug (with static libs)|x64
		{89FF1EE7-2C1A-CC80-C11F-17C44E7A2E56}.Debug (with static libs)|x64.Build.0 = Debug (with static libs)|x64
		{89FF1EE7-2C1A-CC80-C11F-17C44E7A2E56}.Release (with DLLs)|Win32.ActiveCfg = Release (with DLLs)|Win32
		{89FF1EE7-2C1A-CC80-C11F-17C44E7A2E56}.Release (with DLLs)|Win32.Build.0 = Release (with DLLs)|Win32
		{89FF1EE7-2C1A-CC80-C11F-17C44E7A2E56}.Release (with DLLs)|x64.ActiveCfg = Release (with DLLs)|x64
		{89FF1EE7-2C1A-CC80-C11F-17C44E7A2E56}.Release (with DLLs)|x64.Build.0 = Release (with DLLs)|x64
		{89FF1EE7-2C1A-CC80-C11F-17C44E7A2E56}.Release (with static libs)|Win32.ActiveCfg = Release (with static libs)|Win32
		{89FF1EE7-2C1A-CC80-C11F-17C44E7A2E56}.Release (with static libs)|Win32.Build.0 = Release (with static libs)|Win32
		{89FF1EE7-2C1A-CC80-C11F-17C44E7A2E56}.Release (with static libs)|x64.ActiveCfg = Release (with static libs)|x64
		{89FF1EE7-2C1A-CC80-C11F-17C44E7A2E56}.Release (with static libs)|x64.Build.0 = Release (with static libs)|x64
		{D54793E1-AF2F-30B4-9DF3-13F0B28BB3C5}.Debug (with DLLs)|Win32.ActiveCfg = Debug (with DLLs)|Win32
		{D54793E1-AF2F-30B4-9DF3-13F0B28BB3C5}.Debug (with DLLs)|Win32.Build.0 = Debug (with DLLs)|Win32
		{D54793E1-AF2F-30B4-9DF3-13F0B28BB3C5}.Debug (with DLLs)|x64.ActiveCfg = Debug (with DLLs)|x64
		{D54793E1-AF2F-30B4-9DF3-13F0B28BB3C5}.Debug (with DLLs)|x64.Build.0 = Debug (with DLLs)|x64
		{D54793E1-AF2F-30B4-9DF3-13F0B28BB3C5}.Debug (with static libs)|Win32.ActiveCfg = Debug (with static libs)|Win32
		{D54793E1-AF2F-30B4-9DF3-13F0B28BB3C5}.Debug (with static libs)|Win32.Build.0 = Debug (with static libs)|Win32
		{D54793E1-AF2F-30B4-9DF3-13F0B28BB3C5}.Debug (with static libs)|x64.ActiveCfg = Debug (with static libs)|x64
		{D54793E1-AF2F-30B4-9DF3-13F0B28BB3C5}.Debug (with static libs)|x64.Build.0 = Debug (with static libs)|x64
		{D54793E1-AF2F-30B4-9DF3-13F0B28BB3C5}.Release (with DLLs)|Win32.ActiveCfg = Release (with DLLs)|Win32
		{D54793E1-AF2F-30B4-9DF3-13F0B28BB3C5}.Release (with DLLs)|Win32.Build.0 = Release (with DLLs)|Win32
		{D54793E1-AF2F-30B4-9DF3-13F0B28BB3C5}.Release (with DLLs)|x64.ActiveCfg = Release (with DLLs)|x64
		{D54793E1-AF2F-30B4-9DF3-13F0B28BB3C5}.Release (with DLLs)|x64.Build.0 = Release (with DLLs)|x64
		{D54793E1-AF2F-30B4-9DF3-13F0B28BB3C5}.Release (with static libs)|Win32.ActiveCfg = Release (with static libs)|Win32
		{D54793E1-AF2F-30B4-9DF3-13F0B28BB3C5}.Release (with static libs)|Win32.Build.0 = Release (with static libs)|Win32
		{D54793E1-AF2F-30B4-9DF3-13F0B28BB3C5}.Release (with static libs)|x64.ActiveCfg = Release (with static libs)|x64
		{D54793E1-AF2F-30B4-9DF3-13F0B28BB3C5}.Release (with static libs)|x64.Build.0 = Release (with static libs)|x64
		{09434ADA-558A-5763-ED95-2AB4C0086A26}.Debug (with DLLs)|Win32.ActiveCfg = Debug (with DLLs)|Win32
		{09434ADA-558A-5763-ED95-2AB4C0086A26}.Debug (with DLLs)|Win32.Build.0 = Debug (with DLLs)|Win32
		{09434ADA-558A-5763-ED95-2AB4C0086A26}.Debug (with DLLs)|x64.ActiveCfg = Debug (with DLLs)|x64
		{09434ADA-558A-5763-ED95-2AB4C0086A26}.Debug (with DLLs)|x64.Build.0 = Debug (with DLLs)|x64
		{09434ADA-558A-5763-ED95-2AB4C0086A26}.Debug (with static libs)|Win32.ActiveCfg = Debug (with static libs)|Win32
		{09434ADA-558A-5763-ED95-2AB4C0086A26}.Debug (with static libs)|Win32.Build.0 = Debug (with static libs)|Win32
		{09434ADA-558A-5763-ED95-2AB4C0086A26}.Debug (with static libs)|x64.ActiveCfg = Debug (with static libs)|x64
		{09434ADA-558A-5763-ED95-2AB4C0086A26}.Debug (with static libs)|x64.Build.0 = Debug (with static libs)|x64
		{09434ADA-558A-5763-ED95-2AB4C0086A26}.Release (with DLLs)|Win32.ActiveCfg = Release (with DLLs)|Win32
		{09434ADA-558A-5763-ED95-2AB4C0086A26}.Release (with DLLs)|Win32.Build.0 = Release (with DLLs)|Win32
		{09434ADA-558A-5763-ED95-2AB4C0086A26}.Release (with DLLs)|x64.ActiveCfg = Release (with DLLs)|x64
		{09434ADA-558A-5763-ED95-2AB4C0086A26}.Release (with DLLs)|x64.Build.0 = Release (with DLLs)|x64
		{09434ADA-558A-5763-ED95-2AB4C0086A26}.Release (with static libs)|Win32.ActiveCfg = Release (with static libs)|Win32
		{09434ADA-558A-5763-ED95-2AB4C0086A26}.Release (with static libs)|Win32.Build.0 = Release (with static libs)|Win32
		{09434ADA-558A-5763-ED95-2AB4C0086A26}.Release (with static libs)|x64.ActiveCfg = Release (with static libs)|x64
		{09434ADA-558A-5763-ED95-2AB4C0086A26}.Release (with static libs)|x64.Build.0 = Release (with static libs)|x64
		{11B180F7-0418-5363-6A82-C114A54E0D34}.Debug (with DLLs)|Win32.ActiveCfg = Debug (with DLLs)|Win32
		{11B180F7-0418-5363-6A82-C114A54E0D34}.Debug (with DLLs)|Win32.Build.0 = Debug (with DLLs)|Win32
		{11B180F7-0418-5363-6A82-C114A54E0D34}.Debug (with DLLs)|x64.ActiveCfg = Debug (with DLLs)|x64
		{11B180F7-0418-5363-6A82-C114A54E0D34}.Debug (with DLLs)|x64.Build.0 = Debug (with DLLs)|x64
		{11B180F7-0418-5363-6A82-C114A54E0D34}.Debug (with static libs)|Win32.ActiveCfg = Debug (with static libs)|Win32
		{11B180F7-0418-5363-6A82-C114A54E0D34}.Debug (with static libs)|Win32.Build.0 = Debug (with static libs)|Win32
		{11B180F7-0418-5363-6A82-C114A54E0D34}.Debug (with static libs)|x64.ActiveCfg = Debug (with static libs)|x64
		{11B180F7-0418-5363-6A82-C114A54E0D34}.Debug (with static libs)|x64.Build.0 = Debug (with static libs)|x64
		{11B180F7-0418-5363-6A82-C114A54E0D34}.Release (with DLLs)|Win32.ActiveCfg = Release (with DLLs)|Win32
		{11B180F7-0418-5363-6A82-C114A54E0D34}.Release (with DLLs)|Win32.Build.0 = Release (with DLLs)|Win32
		{11B180F7-0418-5363-6A82-C114A54E0D34}.Release (with DLLs)|x64.ActiveCfg = Release (with DLLs)|x64
		{11B180F7-0418-5363-6A82-C114A54E0D34}.Release (with DLLs)|x64.Build.0 = Release (with DLLs)|x64
		{11B180F7-0418-5363-6A82-C114A54E0D34}.Release (with static libs)|Win32.ActiveCfg = Release (with static libs)|Win32
		{11B180F7-0418-5363-6A82-C114A54E0D34}.Release (with static libs)|Win32.Build.0 = Release (with static libs)|Win32
		{11B180F7-0418-5363-6A82-C114A54E0D34}.Release (with static libs)|x64.ActiveCfg = Release (with static libs)|x64
		{11B180F7-0418-5363-6A82-C114A54E0D34}.Release (with static libs)|x64.Build.0 = Release (with static libs)|x64
		{6338701E-77F1-0B7E-C779-F754B9207DFA}.Debug (with DLLs)|Win32.ActiveCfg = Debug (with DLLs)|Win32
		{6338701E-77F1-0B7E-C779-F754B9207DFA}.Debug (with DLLs)|Win32.Build.0 = Debug (with DLLs)|Win32
		{6338701E-77F1-0B7E-C779-F754B9207DFA}.Debug (with DLLs)|x64.ActiveCfg = Debug (with DLLs)|x64
		{6338701E-77F1-0B7E-C779-F754B9207DFA}.Debug (with DLLs)|x64.Build.0 = Debug (with DLLs)|x64
		{6338701E-77F1-0B7E-C779-F754B9207DFA}.Debug (with static libs)|Win32.ActiveCfg = Debug (with static libs)|Win32
		{6338701E-77F1-0B7E-C779-F754B9207DFA}.Debug (with static libs)|Win32.Build.0 = Debug (with static libs)|Win32
		{6338701E-77F1-0B7E-C779-F754B9207DFA}.Debug (with static libs)|x64.ActiveCfg = Debug (with static libs)|x64
		{6338701E-77F1-0B7E-C779-F754B9207DFA}.Debug (with static libs)|x64.Build.0 = Debug (with static libs)|x64
		{6338701E-77F1-0B7E-C779-F754B9207DFA}.Release (with DLLs)|Win32.ActiveCfg = Release (with DLLs)|Win32
		{6338701E-77F1-0B7E-C779-F754B9207DFA}.Release (with DLLs)|Win32.Build.0 = Release (with DLLs)|Win32
		{6338701E-77F1-0B7E-C779-F754B9207DFA}.Release (with DLLs)|x64.ActiveCfg = Release (with DLLs)|x64
		{6338701E-77F1-0B7E-C779-F754B9207DFA}.Release (with DLLs)|x64.Build.0 = Release (with DLLs)|x64
		{6338701E-77F1-0B7E-C779-F754B9207DFA}.Release (with static libs)|Win32.ActiveCfg = Release (with static libs)|Win32
		{6338701E-77F1-0B7E-C779-F754B9207DFA}.Release (with static libs)|Win32.Build.0 = Release (with static libs)|Win32
		{6338701E-77F1-0B7E-C779-F754B9207DFA}.Release (with static libs)|x64.ActiveCfg = Release (with static libs)|x64
		{6338701E-77F1-0B7E-C779-F754B9207DFA}.Release (with static libs)|x64.Build.0 = Release (with static libs)|x64
	EndGlobalSection
	GlobalSection(SolutionProperties) = preSolution
		HideSolutionNode = FALSE
	EndGlobalSection
EndGlobal
