Microsoft Visual Studio Solution File, Format Version 11.00
# Visual C++ Express 2010
Project("{8BC9CEB8-8B4A-11D0-8D11-00A0C91BC942}") = "appares_static", "appares_static.vcxproj", "{A95AE135-63D5-1952-40D0-ECC73599E5A9}"
	ProjectSection(ProjectDependencies) = postProject
		{3BC2428D-D476-C24F-9D36-091FAE040A84} = {3BC2428D-D476-C24F-9D36-091FAE040A84}
		{D7E239E7-0180-8EF5-01E6-BA62F0FF2E6B} = {D7E239E7-0180-8EF5-01E6-BA62F0FF2E6B}
		{7BBB027F-0D23-35E4-A8D1-AA584FCD988D} = {7BBB027F-0D23-35E4-A8D1-AA584FCD988D}
		{881C9242-68DE-7612-630E-827A40AB6F14} = {881C9242-68DE-7612-630E-827A40AB6F14}
		{E6FD877A-4FBD-D10A-923F-F58E30164B73} = {E6FD877A-4FBD-D10A-923F-F58E30164B73}
		{5DF57EC1-A9D3-1520-2456-401ECB37B2E2} = {5DF57EC1-A9D3-1520-2456-401ECB37B2E2}
		{79707E9E-649F-6C19-5E9A-2DF0797AD383} = {79707E9E-649F-6C19-5E9A-2DF0797AD383}
	EndProjectSection
EndProject
Project("{8BC9CEB8-8B4A-11D0-8D11-00A0C91BC942}") = "apparesed_static", "apparesed_static.vcxproj", "{FDCF82F0-6804-18CD-4DE9-60D422BA8C50}"
	ProjectSection(ProjectDependencies) = postProject
		{7BBB027F-0D23-35E4-A8D1-AA584FCD988D} = {7BBB027F-0D23-35E4-A8D1-AA584FCD988D}
		{A0D8A7A0-73E3-63DD-07C6-AC0431D5F7E5} = {A0D8A7A0-73E3-63DD-07C6-AC0431D5F7E5}
		{CB70AB71-D6F8-A006-C815-B2F8919C3B2E} = {CB70AB71-D6F8-A006-C815-B2F8919C3B2E}
		{881C9242-68DE-7612-630E-827A40AB6F14} = {881C9242-68DE-7612-630E-827A40AB6F14}
		{E6FD877A-4FBD-D10A-923F-F58E30164B73} = {E6FD877A-4FBD-D10A-923F-F58E30164B73}
		{5DF57EC1-A9D3-1520-2456-401ECB37B2E2} = {5DF57EC1-A9D3-1520-2456-401ECB37B2E2}
		{79707E9E-649F-6C19-5E9A-2DF0797AD383} = {79707E9E-649F-6C19-5E9A-2DF0797AD383}
		{BC0D3283-1519-F7CE-004F-B767FEE4A54C} = {BC0D3283-1519-F7CE-004F-B767FEE4A54C}
	EndProjectSection
EndProject
Project("{8BC9CEB8-8B4A-11D0-8D11-00A0C91BC942}") = "grpall_static", "grpall_static.vcxproj", "{025A8D97-BA9D-441A-6C95-1AB1DDA432F3}"
	ProjectSection(ProjectDependencies) = postProject
		{A95AE135-63D5-1952-40D0-ECC73599E5A9} = {A95AE135-63D5-1952-40D0-ECC73599E5A9}
		{FDCF82F0-6804-18CD-4DE9-60D422BA8C50} = {FDCF82F0-6804-18CD-4DE9-60D422BA8C50}
		{7BBB027F-0D23-35E4-A8D1-AA584FCD988D} = {7BBB027F-0D23-35E4-A8D1-AA584FCD988D}
		{881C9242-68DE-7612-630E-827A40AB6F14} = {881C9242-68DE-7612-630E-827A40AB6F14}
		{BC0D3283-1519-F7CE-004F-B767FEE4A54C} = {BC0D3283-1519-F7CE-004F-B767FEE4A54C}
	EndProjectSection
EndProject
Project("{8BC9CEB8-8B4A-11D0-8D11-00A0C91BC942}") = "grpapps_static", "grpapps_static.vcxproj", "{E52C45F7-9F93-B2E3-AEC6-7091557B118C}"
	ProjectSection(ProjectDependencies) = postProject
		{A95AE135-63D5-1952-40D0-ECC73599E5A9} = {A95AE135-63D5-1952-40D0-ECC73599E5A9}
		{FDCF82F0-6804-18CD-4DE9-60D422BA8C50} = {FDCF82F0-6804-18CD-4DE9-60D422BA8C50}
	EndProjectSection
EndProject
Project("{8BC9CEB8-8B4A-11D0-8D11-00A0C91BC942}") = "grplibs_static", "grplibs_static.vcxproj", "{69CC6DCF-6F53-3C1A-B2DD-FFBB09C068AE}"
	ProjectSection(ProjectDependencies) = postProject
		{7BBB027F-0D23-35E4-A8D1-AA584FCD988D} = {7BBB027F-0D23-35E4-A8D1-AA584FCD988D}
		{881C9242-68DE-7612-630E-827A40AB6F14} = {881C9242-68DE-7612-630E-827A40AB6F14}
		{BC0D3283-1519-F7CE-004F-B767FEE4A54C} = {BC0D3283-1519-F7CE-004F-B767FEE4A54C}
	EndProjectSection
EndProject
Project("{8BC9CEB8-8B4A-11D0-8D11-00A0C91BC942}") = "grpplugins_static", "grpplugins_static.vcxproj", "{0E350FAB-AC29-2982-8FB4-C97CA88F1415}"
EndProject
Project("{8BC9CEB8-8B4A-11D0-8D11-00A0C91BC942}") = "libares_static_plugins", "libares_static_plugins.vcxproj", "{3BC2428D-D476-C24F-9D36-091FAE040A84}"
	ProjectSection(ProjectDependencies) = postProject
		{7BBB027F-0D23-35E4-A8D1-AA584FCD988D} = {7BBB027F-0D23-35E4-A8D1-AA584FCD988D}
	EndProjectSection
EndProject
Project("{8BC9CEB8-8B4A-11D0-8D11-00A0C91BC942}") = "libares_static_plugins_CRYSTAL", "libares_static_plugins_CRYSTAL.vcxproj", "{D7E239E7-0180-8EF5-01E6-BA62F0FF2E6B}"
EndProject
Project("{8BC9CEB8-8B4A-11D0-8D11-00A0C91BC942}") = "libares_staticplugins", "libares_staticplugins.vcxproj", "{7BBB027F-0D23-35E4-A8D1-AA584FCD988D}"
EndProject
Project("{8BC9CEB8-8B4A-11D0-8D11-00A0C91BC942}") = "libaresed_static_plugins", "libaresed_static_plugins.vcxproj", "{A0D8A7A0-73E3-63DD-07C6-AC0431D5F7E5}"
	ProjectSection(ProjectDependencies) = postProject
		{7BBB027F-0D23-35E4-A8D1-AA584FCD988D} = {7BBB027F-0D23-35E4-A8D1-AA584FCD988D}
		{BC0D3283-1519-F7CE-004F-B767FEE4A54C} = {BC0D3283-1519-F7CE-004F-B767FEE4A54C}
	EndProjectSection
EndProject
Project("{8BC9CEB8-8B4A-11D0-8D11-00A0C91BC942}") = "libaresed_static_plugins_CRYSTAL", "libaresed_static_plugins_CRYSTAL.vcxproj", "{CB70AB71-D6F8-A006-C815-B2F8919C3B2E}"
EndProject
Project("{8BC9CEB8-8B4A-11D0-8D11-00A0C91BC942}") = "libcommon_static", "libcommon_static.vcxproj", "{881C9242-68DE-7612-630E-827A40AB6F14}"
	ProjectSection(ProjectDependencies) = postProject
		{7BBB027F-0D23-35E4-A8D1-AA584FCD988D} = {7BBB027F-0D23-35E4-A8D1-AA584FCD988D}
		{E6FD877A-4FBD-D10A-923F-F58E30164B73} = {E6FD877A-4FBD-D10A-923F-F58E30164B73}
		{5DF57EC1-A9D3-1520-2456-401ECB37B2E2} = {5DF57EC1-A9D3-1520-2456-401ECB37B2E2}
		{79707E9E-649F-6C19-5E9A-2DF0797AD383} = {79707E9E-649F-6C19-5E9A-2DF0797AD383}
	EndProjectSection
EndProject
Project("{8BC9CEB8-8B4A-11D0-8D11-00A0C91BC942}") = "libcommon_static_plugins", "libcommon_static_plugins.vcxproj", "{E6FD877A-4FBD-D10A-923F-F58E30164B73}"
	ProjectSection(ProjectDependencies) = postProject
		{7BBB027F-0D23-35E4-A8D1-AA584FCD988D} = {7BBB027F-0D23-35E4-A8D1-AA584FCD988D}
	EndProjectSection
EndProject
Project("{8BC9CEB8-8B4A-11D0-8D11-00A0C91BC942}") = "libcommon_static_plugins_CEL", "libcommon_static_plugins_CEL.vcxproj", "{5DF57EC1-A9D3-1520-2456-401ECB37B2E2}"
EndProject
Project("{8BC9CEB8-8B4A-11D0-8D11-00A0C91BC942}") = "libcommon_static_plugins_CRYSTAL", "libcommon_static_plugins_CRYSTAL.vcxproj", "{79707E9E-649F-6C19-5E9A-2DF0797AD383}"
EndProject
Project("{8BC9CEB8-8B4A-11D0-8D11-00A0C91BC942}") = "libedcommon", "libedcommon.vcxproj", "{BC0D3283-1519-F7CE-004F-B767FEE4A54C}"
EndProject
Global
	GlobalSection(SolutionConfigurationPlatforms) = preSolution
		Debug (with DLLs)|Win32 = Debug (with DLLs)|Win32
		Debug (with DLLs)|x64 = Debug (with DLLs)|x64
		Debug (with static libs)|Win32 = Debug (with static libs)|Win32
		Debug (with static libs)|x64 = Debug (with static libs)|x64
		Release (with DLLs)|Win32 = Release (with DLLs)|Win32
		Release (with DLLs)|x64 = Release (with DLLs)|x64
		Release (with static libs)|Win32 = Release (with static libs)|Win32
		Release (with static libs)|x64 = Release (with static libs)|x64
	EndGlobalSection
	GlobalSection(ProjectConfigurationPlatforms) = postSolution
		{A95AE135-63D5-1952-40D0-ECC73599E5A9}.Debug (with DLLs)|Win32.ActiveCfg = Debug (with DLLs)|Win32
		{A95AE135-63D5-1952-40D0-ECC73599E5A9}.Debug (with DLLs)|Win32.Build.0 = Debug (with DLLs)|Win32
		{A95AE135-63D5-1952-40D0-ECC73599E5A9}.Debug (with DLLs)|x64.ActiveCfg = Debug (with DLLs)|x64
		{A95AE135-63D5-1952-40D0-ECC73599E5A9}.Debug (with DLLs)|x64.Build.0 = Debug (with DLLs)|x64
		{A95AE135-63D5-1952-40D0-ECC73599E5A9}.Debug (with static libs)|Win32.ActiveCfg = Debug (with static libs)|Win32
		{A95AE135-63D5-1952-40D0-ECC73599E5A9}.Debug (with static libs)|Win32.Build.0 = Debug (with static libs)|Win32
		{A95AE135-63D5-1952-40D0-ECC73599E5A9}.Debug (with static libs)|x64.ActiveCfg = Debug (with static libs)|x64
		{A95AE135-63D5-1952-40D0-ECC73599E5A9}.Debug (with static libs)|x64.Build.0 = Debug (with static libs)|x64
		{A95AE135-63D5-1952-40D0-ECC73599E5A9}.Release (with DLLs)|Win32.ActiveCfg = Release (with DLLs)|Win32
		{A95AE135-63D5-1952-40D0-ECC73599E5A9}.Release (with DLLs)|Win32.Build.0 = Release (with DLLs)|Win32
		{A95AE135-63D5-1952-40D0-ECC73599E5A9}.Release (with DLLs)|x64.ActiveCfg = Release (with DLLs)|x64
		{A95AE135-63D5-1952-40D0-ECC73599E5A9}.Release (with DLLs)|x64.Build.0 = Release (with DLLs)|x64
		{A95AE135-63D5-1952-40D0-ECC73599E5A9}.Release (with static libs)|Win32.ActiveCfg = Release (with static libs)|Win32
		{A95AE135-63D5-1952-40D0-ECC73599E5A9}.Release (with static libs)|Win32.Build.0 = Release (with static libs)|Win32
		{A95AE135-63D5-1952-40D0-ECC73599E5A9}.Release (with static libs)|x64.ActiveCfg = Release (with static libs)|x64
		{A95AE135-63D5-1952-40D0-ECC73599E5A9}.Release (with static libs)|x64.Build.0 = Release (with static libs)|x64
		{FDCF82F0-6804-18CD-4DE9-60D422BA8C50}.Debug (with DLLs)|Win32.ActiveCfg = Debug (with DLLs)|Win32
		{FDCF82F0-6804-18CD-4DE9-60D422BA8C50}.Debug (with DLLs)|Win32.Build.0 = Debug (with DLLs)|Win32
		{FDCF82F0-6804-18CD-4DE9-60D422BA8C50}.Debug (with DLLs)|x64.ActiveCfg = Debug (with DLLs)|x64
		{FDCF82F0-6804-18CD-4DE9-60D422BA8C50}.Debug (with DLLs)|x64.Build.0 = Debug (with DLLs)|x64
		{FDCF82F0-6804-18CD-4DE9-60D422BA8C50}.Debug (with static libs)|Win32.ActiveCfg = Debug (with static libs)|Win32
		{FDCF82F0-6804-18CD-4DE9-60D422BA8C50}.Debug (with static libs)|Win32.Build.0 = Debug (with static libs)|Win32
		{FDCF82F0-6804-18CD-4DE9-60D422BA8C50}.Debug (with static libs)|x64.ActiveCfg = Debug (with static libs)|x64
		{FDCF82F0-6804-18CD-4DE9-60D422BA8C50}.Debug (with static libs)|x64.Build.0 = Debug (with static libs)|x64
		{FDCF82F0-6804-18CD-4DE9-60D422BA8C50}.Release (with DLLs)|Win32.ActiveCfg = Release (with DLLs)|Win32
		{FDCF82F0-6804-18CD-4DE9-60D422BA8C50}.Release (with DLLs)|Win32.Build.0 = Release (with DLLs)|Win32
		{FDCF82F0-6804-18CD-4DE9-60D422BA8C50}.Release (with DLLs)|x64.ActiveCfg = Release (with DLLs)|x64
		{FDCF82F0-6804-18CD-4DE9-60D422BA8C50}.Release (with DLLs)|x64.Build.0 = Release (with DLLs)|x64
		{FDCF82F0-6804-18CD-4DE9-60D422BA8C50}.Release (with static libs)|Win32.ActiveCfg = Release (with static libs)|Win32
		{FDCF82F0-6804-18CD-4DE9-60D422BA8C50}.Release (with static libs)|Win32.Build.0 = Release (with static libs)|Win32
		{FDCF82F0-6804-18CD-4DE9-60D422BA8C50}.Release (with static libs)|x64.ActiveCfg = Release (with static libs)|x64
		{FDCF82F0-6804-18CD-4DE9-60D422BA8C50}.Release (with static libs)|x64.Build.0 = Release (with static libs)|x64
		{025A8D97-BA9D-441A-6C95-1AB1DDA432F3}.Debug (with DLLs)|Win32.ActiveCfg = Debug (with DLLs)|Win32
		{025A8D97-BA9D-441A-6C95-1AB1DDA432F3}.Debug (with DLLs)|Win32.Build.0 = Debug (with DLLs)|Win32
		{025A8D97-BA9D-441A-6C95-1AB1DDA432F3}.Debug (with DLLs)|x64.ActiveCfg = Debug (with DLLs)|x64
		{025A8D97-BA9D-441A-6C95-1AB1DDA432F3}.Debug (with DLLs)|x64.Build.0 = Debug (with DLLs)|x64
		{025A8D97-BA9D-441A-6C95-1AB1DDA432F3}.Debug (with static libs)|Win32.ActiveCfg = Debug (with static libs)|Win32
		{025A8D97-BA9D-441A-6C95-1AB1DDA432F3}.Debug (with static libs)|Win32.Build.0 = Debug (with static libs)|Win32
		{025A8D97-BA9D-441A-6C95-1AB1DDA432F3}.Debug (with static libs)|x64.ActiveCfg = Debug (with static libs)|x64
		{025A8D97-BA9D-441A-6C95-1AB1DDA432F3}.Debug (with static libs)|x64.Build.0 = Debug (with static libs)|x64
		{025A8D97-BA9D-441A-6C95-1AB1DDA432F3}.Release (with DLLs)|Win32.ActiveCfg = Release (with DLLs)|Win32
		{025A8D97-BA9D-441A-6C95-1AB1DDA432F3}.Release (with DLLs)|Win32.Build.0 = Release (with DLLs)|Win32
		{025A8D97-BA9D-441A-6C95-1AB1DDA432F3}.Release (with DLLs)|x64.ActiveCfg = Release (with DLLs)|x64
		{025A8D97-BA9D-441A-6C95-1AB1DDA432F3}.Release (with DLLs)|x64.Build.0 = Release (with DLLs)|x64
		{025A8D97-BA9D-441A-6C95-1AB1DDA432F3}.Release (with static libs)|Win32.ActiveCfg = Release (with static libs)|Win32
		{025A8D97-BA9D-441A-6C95-1AB1DDA432F3}.Release (with static libs)|Win32.Build.0 = Release (with static libs)|Win32
		{025A8D97-BA9D-441A-6C95-1AB1DDA432F3}.Release (with static libs)|x64.ActiveCfg = Release (with static libs)|x64
		{025A8D97-BA9D-441A-6C95-1AB1DDA432F3}.Release (with static libs)|x64.Build.0 = Release (with static libs)|x64
		{E52C45F7-9F93-B2E3-AEC6-7091557B118C}.Debug (with DLLs)|Win32.ActiveCfg = Debug (with DLLs)|Win32
		{E52C45F7-9F93-B2E3-AEC6-7091557B118C}.Debug (with DLLs)|Win32.Build.0 = Debug (with DLLs)|Win32
		{E52C45F7-9F93-B2E3-AEC6-7091557B118C}.Debug (with DLLs)|x64.ActiveCfg = Debug (with DLLs)|x64
		{E52C45F7-9F93-B2E3-AEC6-7091557B118C}.Debug (with DLLs)|x64.Build.0 = Debug (with DLLs)|x64
		{E52C45F7-9F93-B2E3-AEC6-7091557B118C}.Debug (with static libs)|Win32.ActiveCfg = Debug (with static libs)|Win32
		{E52C45F7-9F93-B2E3-AEC6-7091557B118C}.Debug (with static libs)|Win32.Build.0 = Debug (with static libs)|Win32
		{E52C45F7-9F93-B2E3-AEC6-7091557B118C}.Debug (with static libs)|x64.ActiveCfg = Debug (with static libs)|x64
		{E52C45F7-9F93-B2E3-AEC6-7091557B118C}.Debug (with static libs)|x64.Build.0 = Debug (with static libs)|x64
		{E52C45F7-9F93-B2E3-AEC6-7091557B118C}.Release (with DLLs)|Win32.ActiveCfg = Release (with DLLs)|Win32
		{E52C45F7-9F93-B2E3-AEC6-7091557B118C}.Release (with DLLs)|Win32.Build.0 = Release (with DLLs)|Win32
		{E52C45F7-9F93-B2E3-AEC6-7091557B118C}.Release (with DLLs)|x64.ActiveCfg = Release (with DLLs)|x64
		{E52C45F7-9F93-B2E3-AEC6-7091557B118C}.Release (with DLLs)|x64.Build.0 = Release (with DLLs)|x64
		{E52C45F7-9F93-B2E3-AEC6-7091557B118C}.Release (with static libs)|Win32.ActiveCfg = Release (with static libs)|Win32
		{E52C45F7-9F93-B2E3-AEC6-7091557B118C}.Release (with static libs)|Win32.Build.0 = Release (with static libs)|Win32
		{E52C45F7-9F93-B2E3-AEC6-7091557B118C}.Release (with static libs)|x64.ActiveCfg = Release (with static libs)|x64
		{E52C45F7-9F93-B2E3-AEC6-7091557B118C}.Release (with static libs)|x64.Build.0 = Release (with static libs)|x64
		{69CC6DCF-6F53-3C1A-B2DD-FFBB09C068AE}.Debug (with DLLs)|Win32.ActiveCfg = Debug (with DLLs)|Win32
		{69CC6DCF-6F53-3C1A-B2DD-FFBB09C068AE}.Debug (with DLLs)|Win32.Build.0 = Debug (with DLLs)|Win32
		{69CC6DCF-6F53-3C1A-B2DD-FFBB09C068AE}.Debug (with DLLs)|x64.ActiveCfg = Debug (with DLLs)|x64
		{69CC6DCF-6F53-3C1A-B2DD-FFBB09C068AE}.Debug (with DLLs)|x64.Build.0 = Debug (with DLLs)|x64
		{69CC6DCF-6F53-3C1A-B2DD-FFBB09C068AE}.Debug (with static libs)|Win32.ActiveCfg = Debug (with static libs)|Win32
		{69CC6DCF-6F53-3C1A-B2DD-FFBB09C068AE}.Debug (with static libs)|Win32.Build.0 = Debug (with static libs)|Win32
		{69CC6DCF-6F53-3C1A-B2DD-FFBB09C068AE}.Debug (with static libs)|x64.ActiveCfg = Debug (with static libs)|x64
		{69CC6DCF-6F53-3C1A-B2DD-FFBB09C068AE}.Debug (with static libs)|x64.Build.0 = Debug (with static libs)|x64
		{69CC6DCF-6F53-3C1A-B2DD-FFBB09C068AE}.Release (with DLLs)|Win32.ActiveCfg = Release (with DLLs)|Win32
		{69CC6DCF-6F53-3C1A-B2DD-FFBB09C068AE}.Release (with DLLs)|Win32.Build.0 = Release (with DLLs)|Win32
		{69CC6DCF-6F53-3C1A-B2DD-FFBB09C068AE}.Release (with DLLs)|x64.ActiveCfg = Release (with DLLs)|x64
		{69CC6DCF-6F53-3C1A-B2DD-FFBB09C068AE}.Release (with DLLs)|x64.Build.0 = Release (with DLLs)|x64
		{69CC6DCF-6F53-3C1A-B2DD-FFBB09C068AE}.Release (with static libs)|Win32.ActiveCfg = Release (with static libs)|Win32
		{69CC6DCF-6F53-3C1A-B2DD-FFBB09C068AE}.Release (with static libs)|Win32.Build.0 = Release (with static libs)|Win32
		{69CC6DCF-6F53-3C1A-B2DD-FFBB09C068AE}.Release (with static libs)|x64.ActiveCfg = Release (with static libs)|x64
		{69CC6DCF-6F53-3C1A-B2DD-FFBB09C068AE}.Release (with static libs)|x64.Build.0 = Release (with static libs)|x64
		{0E350FAB-AC29-2982-8FB4-C97CA88F1415}.Debug (with DLLs)|Win32.ActiveCfg = Debug (with DLLs)|Win32
		{0E350FAB-AC29-2982-8FB4-C97CA88F1415}.Debug (with DLLs)|Win32.Build.0 = Debug (with DLLs)|Win32
		{0E350FAB-AC29-2982-8FB4-C97CA88F1415}.Debug (with DLLs)|x64.ActiveCfg = Debug (with DLLs)|x64
		{0E350FAB-AC29-2982-8FB4-C97CA88F1415}.Debug (with DLLs)|x64.Build.0 = Debug (with DLLs)|x64
		{0E350FAB-AC29-2982-8FB4-C97CA88F1415}.Debug (with static libs)|Win32.ActiveCfg = Debug (with static libs)|Win32
		{0E350FAB-AC29-2982-8FB4-C97CA88F1415}.Debug (with static libs)|Win32.Build.0 = Debug (with static libs)|Win32
		{0E350FAB-AC29-2982-8FB4-C97CA88F1415}.Debug (with static libs)|x64.ActiveCfg = Debug (with static libs)|x64
		{0E350FAB-AC29-2982-8FB4-C97CA88F1415}.Debug (with static libs)|x64.Build.0 = Debug (with static libs)|x64
		{0E350FAB-AC29-2982-8FB4-C97CA88F1415}.Release (with DLLs)|Win32.ActiveCfg = Release (with DLLs)|Win32
		{0E350FAB-AC29-2982-8FB4-C97CA88F1415}.Release (with DLLs)|Win32.Build.0 = Release (with DLLs)|Win32
		{0E350FAB-AC29-2982-8FB4-C97CA88F1415}.Release (with DLLs)|x64.ActiveCfg = Release (with DLLs)|x64
		{0E350FAB-AC29-2982-8FB4-C97CA88F1415}.Release (with DLLs)|x64.Build.0 = Release (with DLLs)|x64
		{0E350FAB-AC29-2982-8FB4-C97CA88F1415}.Release (with static libs)|Win32.ActiveCfg = Release (with static libs)|Win32
		{0E350FAB-AC29-2982-8FB4-C97CA88F1415}.Release (with static libs)|Win32.Build.0 = Release (with static libs)|Win32
		{0E350FAB-AC29-2982-8FB4-C97CA88F1415}.Release (with static libs)|x64.ActiveCfg = Release (with static libs)|x64
		{0E350FAB-AC29-2982-8FB4-C97CA88F1415}.Release (with static libs)|x64.Build.0 = Release (with static libs)|x64
		{3BC2428D-D476-C24F-9D36-091FAE040A84}.Debug (with DLLs)|Win32.ActiveCfg = Debug (with DLLs)|Win32
		{3BC2428D-D476-C24F-9D36-091FAE040A84}.Debug (with DLLs)|Win32.Build.0 = Debug (with DLLs)|Win32
		{3BC2428D-D476-C24F-9D36-091FAE040A84}.Debug (with DLLs)|x64.ActiveCfg = Debug (with DLLs)|x64
		{3BC2428D-D476-C24F-9D36-091FAE040A84}.Debug (with DLLs)|x64.Build.0 = Debug (with DLLs)|x64
		{3BC2428D-D476-C24F-9D36-091FAE040A84}.Debug (with static libs)|Win32.ActiveCfg = Debug (with static libs)|Win32
		{3BC2428D-D476-C24F-9D36-091FAE040A84}.Debug (with static libs)|Win32.Build.0 = Debug (with static libs)|Win32
		{3BC2428D-D476-C24F-9D36-091FAE040A84}.Debug (with static libs)|x64.ActiveCfg = Debug (with static libs)|x64
		{3BC2428D-D476-C24F-9D36-091FAE040A84}.Debug (with static libs)|x64.Build.0 = Debug (with static libs)|x64
		{3BC2428D-D476-C24F-9D36-091FAE040A84}.Release (with DLLs)|Win32.ActiveCfg = Release (with DLLs)|Win32
		{3BC2428D-D476-C24F-9D36-091FAE040A84}.Release (with DLLs)|Win32.Build.0 = Release (with DLLs)|Win32
		{3BC2428D-D476-C24F-9D36-091FAE040A84}.Release (with DLLs)|x64.ActiveCfg = Release (with DLLs)|x64
		{3BC2428D-D476-C24F-9D36-091FAE040A84}.Release (with DLLs)|x64.Build.0 = Release (with DLLs)|x64
		{3BC2428D-D476-C24F-9D36-091FAE040A84}.Release (with static libs)|Win32.ActiveCfg = Release (with static libs)|Win32
		{3BC2428D-D476-C24F-9D36-091FAE040A84}.Release (with static libs)|Win32.Build.0 = Release (with static libs)|Win32
		{3BC2428D-D476-C24F-9D36-091FAE040A84}.Release (with static libs)|x64.ActiveCfg = Release (with static libs)|x64
		{3BC2428D-D476-C24F-9D36-091FAE040A84}.Release (with static libs)|x64.Build.0 = Release (with static libs)|x64
		{D7E239E7-0180-8EF5-01E6-BA62F0FF2E6B}.Debug (with DLLs)|Win32.ActiveCfg = Debug (with DLLs)|Win32
		{D7E239E7-0180-8EF5-01E6-BA62F0FF2E6B}.Debug (with DLLs)|Win32.Build.0 = Debug (with DLLs)|Win32
		{D7E239E7-0180-8EF5-01E6-BA62F0FF2E6B}.Debug (with DLLs)|x64.ActiveCfg = Debug (with DLLs)|x64
		{D7E239E7-0180-8EF5-01E6-BA62F0FF2E6B}.Debug (with DLLs)|x64.Build.0 = Debug (with DLLs)|x64
		{D7E239E7-0180-8EF5-01E6-BA62F0FF2E6B}.Debug (with static libs)|Win32.ActiveCfg = Debug (with static libs)|Win32
		{D7E239E7-0180-8EF5-01E6-BA62F0FF2E6B}.Debug (with static libs)|Win32.Build.0 = Debug (with static libs)|Win32
		{D7E239E7-0180-8EF5-01E6-BA62F0FF2E6B}.Debug (with static libs)|x64.ActiveCfg = Debug (with static libs)|x64
		{D7E239E7-0180-8EF5-01E6-BA62F0FF2E6B}.Debug (with static libs)|x64.Build.0 = Debug (with static libs)|x64
		{D7E239E7-0180-8EF5-01E6-BA62F0FF2E6B}.Release (with DLLs)|Win32.ActiveCfg = Release (with DLLs)|Win32
		{D7E239E7-0180-8EF5-01E6-BA62F0FF2E6B}.Release (with DLLs)|Win32.Build.0 = Release (with DLLs)|Win32
		{D7E239E7-0180-8EF5-01E6-BA62F0FF2E6B}.Release (with DLLs)|x64.ActiveCfg = Release (with DLLs)|x64
		{D7E239E7-0180-8EF5-01E6-BA62F0FF2E6B}.Release (with DLLs)|x64.Build.0 = Release (with DLLs)|x64
		{D7E239E7-0180-8EF5-01E6-BA62F0FF2E6B}.Release (with static libs)|Win32.ActiveCfg = Release (with static libs)|Win32
		{D7E239E7-0180-8EF5-01E6-BA62F0FF2E6B}.Release (with static libs)|Win32.Build.0 = Release (with static libs)|Win32
		{D7E239E7-0180-8EF5-01E6-BA62F0FF2E6B}.Release (with static libs)|x64.ActiveCfg = Release (with static libs)|x64
		{D7E239E7-0180-8EF5-01E6-BA62F0FF2E6B}.Release (with static libs)|x64.Build.0 = Release (with static libs)|x64
		{7BBB027F-0D23-35E4-A8D1-AA584FCD988D}.Debug (with DLLs)|Win32.ActiveCfg = Debug (with DLLs)|Win32
		{7BBB027F-0D23-35E4-A8D1-AA584FCD988D}.Debug (with DLLs)|Win32.Build.0 = Debug (with DLLs)|Win32
		{7BBB027F-0D23-35E4-A8D1-AA584FCD988D}.Debug (with DLLs)|x64.ActiveCfg = Debug (with DLLs)|x64
		{7BBB027F-0D23-35E4-A8D1-AA584FCD988D}.Debug (with DLLs)|x64.Build.0 = Debug (with DLLs)|x64
		{7BBB027F-0D23-35E4-A8D1-AA584FCD988D}.Debug (with static libs)|Win32.ActiveCfg = Debug (with static libs)|Win32
		{7BBB027F-0D23-35E4-A8D1-AA584FCD988D}.Debug (with static libs)|Win32.Build.0 = Debug (with static libs)|Win32
		{7BBB027F-0D23-35E4-A8D1-AA584FCD988D}.Debug (with static libs)|x64.ActiveCfg = Debug (with static libs)|x64
		{7BBB027F-0D23-35E4-A8D1-AA584FCD988D}.Debug (with static libs)|x64.Build.0 = Debug (with static libs)|x64
		{7BBB027F-0D23-35E4-A8D1-AA584FCD988D}.Release (with DLLs)|Win32.ActiveCfg = Release (with DLLs)|Win32
		{7BBB027F-0D23-35E4-A8D1-AA584FCD988D}.Release (with DLLs)|Win32.Build.0 = Release (with DLLs)|Win32
		{7BBB027F-0D23-35E4-A8D1-AA584FCD988D}.Release (with DLLs)|x64.ActiveCfg = Release (with DLLs)|x64
		{7BBB027F-0D23-35E4-A8D1-AA584FCD988D}.Release (with DLLs)|x64.Build.0 = Release (with DLLs)|x64
		{7BBB027F-0D23-35E4-A8D1-AA584FCD988D}.Release (with static libs)|Win32.ActiveCfg = Release (with static libs)|Win32
		{7BBB027F-0D23-35E4-A8D1-AA584FCD988D}.Release (with static libs)|Win32.Build.0 = Release (with static libs)|Win32
		{7BBB027F-0D23-35E4-A8D1-AA584FCD988D}.Release (with static libs)|x64.ActiveCfg = Release (with static libs)|x64
		{7BBB027F-0D23-35E4-A8D1-AA584FCD988D}.Release (with static libs)|x64.Build.0 = Release (with static libs)|x64
		{A0D8A7A0-73E3-63DD-07C6-AC0431D5F7E5}.Debug (with DLLs)|Win32.ActiveCfg = Debug (with DLLs)|Win32
		{A0D8A7A0-73E3-63DD-07C6-AC0431D5F7E5}.Debug (with DLLs)|Win32.Build.0 = Debug (with DLLs)|Win32
		{A0D8A7A0-73E3-63DD-07C6-AC0431D5F7E5}.Debug (with DLLs)|x64.ActiveCfg = Debug (with DLLs)|x64
		{A0D8A7A0-73E3-63DD-07C6-AC0431D5F7E5}.Debug (with DLLs)|x64.Build.0 = Debug (with DLLs)|x64
		{A0D8A7A0-73E3-63DD-07C6-AC0431D5F7E5}.Debug (with static libs)|Win32.ActiveCfg = Debug (with static libs)|Win32
		{A0D8A7A0-73E3-63DD-07C6-AC0431D5F7E5}.Debug (with static libs)|Win32.Build.0 = Debug (with static libs)|Win32
		{A0D8A7A0-73E3-63DD-07C6-AC0431D5F7E5}.Debug (with static libs)|x64.ActiveCfg = Debug (with static libs)|x64
		{A0D8A7A0-73E3-63DD-07C6-AC0431D5F7E5}.Debug (with static libs)|x64.Build.0 = Debug (with static libs)|x64
		{A0D8A7A0-73E3-63DD-07C6-AC0431D5F7E5}.Release (with DLLs)|Win32.ActiveCfg = Release (with DLLs)|Win32
		{A0D8A7A0-73E3-63DD-07C6-AC0431D5F7E5}.Release (with DLLs)|Win32.Build.0 = Release (with DLLs)|Win32
		{A0D8A7A0-73E3-63DD-07C6-AC0431D5F7E5}.Release (with DLLs)|x64.ActiveCfg = Release (with DLLs)|x64
		{A0D8A7A0-73E3-63DD-07C6-AC0431D5F7E5}.Release (with DLLs)|x64.Build.0 = Release (with DLLs)|x64
		{A0D8A7A0-73E3-63DD-07C6-AC0431D5F7E5}.Release (with static libs)|Win32.ActiveCfg = Release (with static libs)|Win32
		{A0D8A7A0-73E3-63DD-07C6-AC0431D5F7E5}.Release (with static libs)|Win32.Build.0 = Release (with static libs)|Win32
		{A0D8A7A0-73E3-63DD-07C6-AC0431D5F7E5}.Release (with static libs)|x64.ActiveCfg = Release (with static libs)|x64
		{A0D8A7A0-73E3-63DD-07C6-AC0431D5F7E5}.Release (with static libs)|x64.Build.0 = Release (with static libs)|x64
		{CB70AB71-D6F8-A006-C815-B2F8919C3B2E}.Debug (with DLLs)|Win32.ActiveCfg = Debug (with DLLs)|Win32
		{CB70AB71-D6F8-A006-C815-B2F8919C3B2E}.Debug (with DLLs)|Win32.Build.0 = Debug (with DLLs)|Win32
		{CB70AB71-D6F8-A006-C815-B2F8919C3B2E}.Debug (with DLLs)|x64.ActiveCfg = Debug (with DLLs)|x64
		{CB70AB71-D6F8-A006-C815-B2F8919C3B2E}.Debug (with DLLs)|x64.Build.0 = Debug (with DLLs)|x64
		{CB70AB71-D6F8-A006-C815-B2F8919C3B2E}.Debug (with static libs)|Win32.ActiveCfg = Debug (with static libs)|Win32
		{CB70AB71-D6F8-A006-C815-B2F8919C3B2E}.Debug (with static libs)|Win32.Build.0 = Debug (with static libs)|Win32
		{CB70AB71-D6F8-A006-C815-B2F8919C3B2E}.Debug (with static libs)|x64.ActiveCfg = Debug (with static libs)|x64
		{CB70AB71-D6F8-A006-C815-B2F8919C3B2E}.Debug (with static libs)|x64.Build.0 = Debug (with static libs)|x64
		{CB70AB71-D6F8-A006-C815-B2F8919C3B2E}.Release (with DLLs)|Win32.ActiveCfg = Release (with DLLs)|Win32
		{CB70AB71-D6F8-A006-C815-B2F8919C3B2E}.Release (with DLLs)|Win32.Build.0 = Release (with DLLs)|Win32
		{CB70AB71-D6F8-A006-C815-B2F8919C3B2E}.Release (with DLLs)|x64.ActiveCfg = Release (with DLLs)|x64
		{CB70AB71-D6F8-A006-C815-B2F8919C3B2E}.Release (with DLLs)|x64.Build.0 = Release (with DLLs)|x64
		{CB70AB71-D6F8-A006-C815-B2F8919C3B2E}.Release (with static libs)|Win32.ActiveCfg = Release (with static libs)|Win32
		{CB70AB71-D6F8-A006-C815-B2F8919C3B2E}.Release (with static libs)|Win32.Build.0 = Release (with static libs)|Win32
		{CB70AB71-D6F8-A006-C815-B2F8919C3B2E}.Release (with static libs)|x64.ActiveCfg = Release (with static libs)|x64
		{CB70AB71-D6F8-A006-C815-B2F8919C3B2E}.Release (with static libs)|x64.Build.0 = Release (with static libs)|x64
		{881C9242-68DE-7612-630E-827A40AB6F14}.Debug (with DLLs)|Win32.ActiveCfg = Debug (with DLLs)|Win32
		{881C9242-68DE-7612-630E-827A40AB6F14}.Debug (with DLLs)|Win32.Build.0 = Debug (with DLLs)|Win32
		{881C9242-68DE-7612-630E-827A40AB6F14}.Debug (with DLLs)|x64.ActiveCfg = Debug (with DLLs)|x64
		{881C9242-68DE-7612-630E-827A40AB6F14}.Debug (with DLLs)|x64.Build.0 = Debug (with DLLs)|x64
		{881C9242-68DE-7612-630E-827A40AB6F14}.Debug (with static libs)|Win32.ActiveCfg = Debug (with static libs)|Win32
		{881C9242-68DE-7612-630E-827A40AB6F14}.Debug (with static libs)|Win32.Build.0 = Debug (with static libs)|Win32
		{881C9242-68DE-7612-630E-827A40AB6F14}.Debug (with static libs)|x64.ActiveCfg = Debug (with static libs)|x64
		{881C9242-68DE-7612-630E-827A40AB6F14}.Debug (with static libs)|x64.Build.0 = Debug (with static libs)|x64
		{881C9242-68DE-7612-630E-827A40AB6F14}.Release (with DLLs)|Win32.ActiveCfg = Release (with DLLs)|Win32
		{881C9242-68DE-7612-630E-827A40AB6F14}.Release (with DLLs)|Win32.Build.0 = Release (with DLLs)|Win32
		{881C9242-68DE-7612-630E-827A40AB6F14}.Release (with DLLs)|x64.ActiveCfg = Release (with DLLs)|x64
		{881C9242-68DE-7612-630E-827A40AB6F14}.Release (with DLLs)|x64.Build.0 = Release (with DLLs)|x64
		{881C9242-68DE-7612-630E-827A40AB6F14}.Release (with static libs)|Win32.ActiveCfg = Release (with static libs)|Win32
		{881C9242-68DE-7612-630E-827A40AB6F14}.Release (with static libs)|Win32.Build.0 = Release (with static libs)|Win32
		{881C9242-68DE-7612-630E-827A40AB6F14}.Release (with static libs)|x64.ActiveCfg = Release (with static libs)|x64
		{881C9242-68DE-7612-630E-827A40AB6F14}.Release (with static libs)|x64.Build.0 = Release (with static libs)|x64
		{E6FD877A-4FBD-D10A-923F-F58E30164B73}.Debug (with DLLs)|Win32.ActiveCfg = Debug (with DLLs)|Win32
		{E6FD877A-4FBD-D10A-923F-F58E30164B73}.Debug (with DLLs)|Win32.Build.0 = Debug (with DLLs)|Win32
		{E6FD877A-4FBD-D10A-923F-F58E30164B73}.Debug (with DLLs)|x64.ActiveCfg = Debug (with DLLs)|x64
		{E6FD877A-4FBD-D10A-923F-F58E30164B73}.Debug (with DLLs)|x64.Build.0 = Debug (with DLLs)|x64
		{E6FD877A-4FBD-D10A-923F-F58E30164B73}.Debug (with static libs)|Win32.ActiveCfg = Debug (with static libs)|Win32
		{E6FD877A-4FBD-D10A-923F-F58E30164B73}.Debug (with static libs)|Win32.Build.0 = Debug (with static libs)|Win32
		{E6FD877A-4FBD-D10A-923F-F58E30164B73}.Debug (with static libs)|x64.ActiveCfg = Debug (with static libs)|x64
		{E6FD877A-4FBD-D10A-923F-F58E30164B73}.Debug (with static libs)|x64.Build.0 = Debug (with static libs)|x64
		{E6FD877A-4FBD-D10A-923F-F58E30164B73}.Release (with DLLs)|Win32.ActiveCfg = Release (with DLLs)|Win32
		{E6FD877A-4FBD-D10A-923F-F58E30164B73}.Release (with DLLs)|Win32.Build.0 = Release (with DLLs)|Win32
		{E6FD877A-4FBD-D10A-923F-F58E30164B73}.Release (with DLLs)|x64.ActiveCfg = Release (with DLLs)|x64
		{E6FD877A-4FBD-D10A-923F-F58E30164B73}.Release (with DLLs)|x64.Build.0 = Release (with DLLs)|x64
		{E6FD877A-4FBD-D10A-923F-F58E30164B73}.Release (with static libs)|Win32.ActiveCfg = Release (with static libs)|Win32
		{E6FD877A-4FBD-D10A-923F-F58E30164B73}.Release (with static libs)|Win32.Build.0 = Release (with static libs)|Win32
		{E6FD877A-4FBD-D10A-923F-F58E30164B73}.Release (with static libs)|x64.ActiveCfg = Release (with static libs)|x64
		{E6FD877A-4FBD-D10A-923F-F58E30164B73}.Release (with static libs)|x64.Build.0 = Release (with static libs)|x64
		{5DF57EC1-A9D3-1520-2456-401ECB37B2E2}.Debug (with DLLs)|Win32.ActiveCfg = Debug (with DLLs)|Win32
		{5DF57EC1-A9D3-1520-2456-401ECB37B2E2}.Debug (with DLLs)|Win32.Build.0 = Debug (with DLLs)|Win32
		{5DF57EC1-A9D3-1520-2456-401ECB37B2E2}.Debug (with DLLs)|x64.ActiveCfg = Debug (with DLLs)|x64
		{5DF57EC1-A9D3-1520-2456-401ECB37B2E2}.Debug (with DLLs)|x64.Build.0 = Debug (with DLLs)|x64
		{5DF57EC1-A9D3-1520-2456-401ECB37B2E2}.Debug (with static libs)|Win32.ActiveCfg = Debug (with static libs)|Win32
		{5DF57EC1-A9D3-1520-2456-401ECB37B2E2}.Debug (with static libs)|Win32.Build.0 = Debug (with static libs)|Win32
		{5DF57EC1-A9D3-1520-2456-401ECB37B2E2}.Debug (with static libs)|x64.ActiveCfg = Debug (with static libs)|x64
		{5DF57EC1-A9D3-1520-2456-401ECB37B2E2}.Debug (with static libs)|x64.Build.0 = Debug (with static libs)|x64
		{5DF57EC1-A9D3-1520-2456-401ECB37B2E2}.Release (with DLLs)|Win32.ActiveCfg = Release (with DLLs)|Win32
		{5DF57EC1-A9D3-1520-2456-401ECB37B2E2}.Release (with DLLs)|Win32.Build.0 = Release (with DLLs)|Win32
		{5DF57EC1-A9D3-1520-2456-401ECB37B2E2}.Release (with DLLs)|x64.ActiveCfg = Release (with DLLs)|x64
		{5DF57EC1-A9D3-1520-2456-401ECB37B2E2}.Release (with DLLs)|x64.Build.0 = Release (with DLLs)|x64
		{5DF57EC1-A9D3-1520-2456-401ECB37B2E2}.Release (with static libs)|Win32.ActiveCfg = Release (with static libs)|Win32
		{5DF57EC1-A9D3-1520-2456-401ECB37B2E2}.Release (with static libs)|Win32.Build.0 = Release (with static libs)|Win32
		{5DF57EC1-A9D3-1520-2456-401ECB37B2E2}.Release (with static libs)|x64.ActiveCfg = Release (with static libs)|x64
		{5DF57EC1-A9D3-1520-2456-401ECB37B2E2}.Release (with static libs)|x64.Build.0 = Release (with static libs)|x64
		{79707E9E-649F-6C19-5E9A-2DF0797AD383}.Debug (with DLLs)|Win32.ActiveCfg = Debug (with DLLs)|Win32
		{79707E9E-649F-6C19-5E9A-2DF0797AD383}.Debug (with DLLs)|Win32.Build.0 = Debug (with DLLs)|Win32
		{79707E9E-649F-6C19-5E9A-2DF0797AD383}.Debug (with DLLs)|x64.ActiveCfg = Debug (with DLLs)|x64
		{79707E9E-649F-6C19-5E9A-2DF0797AD383}.Debug (with DLLs)|x64.Build.0 = Debug (with DLLs)|x64
		{79707E9E-649F-6C19-5E9A-2DF0797AD383}.Debug (with static libs)|Win32.ActiveCfg = Debug (with static libs)|Win32
		{79707E9E-649F-6C19-5E9A-2DF0797AD383}.Debug (with static libs)|Win32.Build.0 = Debug (with static libs)|Win32
		{79707E9E-649F-6C19-5E9A-2DF0797AD383}.Debug (with static libs)|x64.ActiveCfg = Debug (with static libs)|x64
		{79707E9E-649F-6C19-5E9A-2DF0797AD383}.Debug (with static libs)|x64.Build.0 = Debug (with static libs)|x64
		{79707E9E-649F-6C19-5E9A-2DF0797AD383}.Release (with DLLs)|Win32.ActiveCfg = Release (with DLLs)|Win32
		{79707E9E-649F-6C19-5E9A-2DF0797AD383}.Release (with DLLs)|Win32.Build.0 = Release (with DLLs)|Win32
		{79707E9E-649F-6C19-5E9A-2DF0797AD383}.Release (with DLLs)|x64.ActiveCfg = Release (with DLLs)|x64
		{79707E9E-649F-6C19-5E9A-2DF0797AD383}.Release (with DLLs)|x64.Build.0 = Release (with DLLs)|x64
		{79707E9E-649F-6C19-5E9A-2DF0797AD383}.Release (with static libs)|Win32.ActiveCfg = Release (with static libs)|Win32
		{79707E9E-649F-6C19-5E9A-2DF0797AD383}.Release (with static libs)|Win32.Build.0 = Release (with static libs)|Win32
		{79707E9E-649F-6C19-5E9A-2DF0797AD383}.Release (with static libs)|x64.ActiveCfg = Release (with static libs)|x64
		{79707E9E-649F-6C19-5E9A-2DF0797AD383}.Release (with static libs)|x64.Build.0 = Release (with static libs)|x64
		{BC0D3283-1519-F7CE-004F-B767FEE4A54C}.Debug (with DLLs)|Win32.ActiveCfg = Debug (with DLLs)|Win32
		{BC0D3283-1519-F7CE-004F-B767FEE4A54C}.Debug (with DLLs)|Win32.Build.0 = Debug (with DLLs)|Win32
		{BC0D3283-1519-F7CE-004F-B767FEE4A54C}.Debug (with DLLs)|x64.ActiveCfg = Debug (with DLLs)|x64
		{BC0D3283-1519-F7CE-004F-B767FEE4A54C}.Debug (with DLLs)|x64.Build.0 = Debug (with DLLs)|x64
		{BC0D3283-1519-F7CE-004F-B767FEE4A54C}.Debug (with static libs)|Win32.ActiveCfg = Debug (with static libs)|Win32
		{BC0D3283-1519-F7CE-004F-B767FEE4A54C}.Debug (with static libs)|Win32.Build.0 = Debug (with static libs)|Win32
		{BC0D3283-1519-F7CE-004F-B767FEE4A54C}.Debug (with static libs)|x64.ActiveCfg = Debug (with static libs)|x64
		{BC0D3283-1519-F7CE-004F-B767FEE4A54C}.Debug (with static libs)|x64.Build.0 = Debug (with static libs)|x64
		{BC0D3283-1519-F7CE-004F-B767FEE4A54C}.Release (with DLLs)|Win32.ActiveCfg = Release (with DLLs)|Win32
		{BC0D3283-1519-F7CE-004F-B767FEE4A54C}.Release (with DLLs)|Win32.Build.0 = Release (with DLLs)|Win32
		{BC0D3283-1519-F7CE-004F-B767FEE4A54C}.Release (with DLLs)|x64.ActiveCfg = Release (with DLLs)|x64
		{BC0D3283-1519-F7CE-004F-B767FEE4A54C}.Release (with DLLs)|x64.Build.0 = Release (with DLLs)|x64
		{BC0D3283-1519-F7CE-004F-B767FEE4A54C}.Release (with static libs)|Win32.ActiveCfg = Release (with static libs)|Win32
		{BC0D3283-1519-F7CE-004F-B767FEE4A54C}.Release (with static libs)|Win32.Build.0 = Release (with static libs)|Win32
		{BC0D3283-1519-F7CE-004F-B767FEE4A54C}.Release (with static libs)|x64.ActiveCfg = Release (with static libs)|x64
		{BC0D3283-1519-F7CE-004F-B767FEE4A54C}.Release (with static libs)|x64.Build.0 = Release (with static libs)|x64
	EndGlobalSection
	GlobalSection(SolutionProperties) = preSolution
		HideSolutionNode = FALSE
	EndGlobalSection
EndGlobal
